// !$*UTF8*$!
{
	archiveVersion = 1;
	classes = {
	};
	objectVersion = 50;
	objects = {

/* Begin PBXBuildFile section */
		2000405A25622BF60061F375 /* PrCheckComformance.swift in Sources */ = {isa = PBXBuildFile; fileRef = 2000405925622BF60061F375 /* PrCheckComformance.swift */; };
		200826A325467DCB00AA89F3 /* PrProperties.swift in Sources */ = {isa = PBXBuildFile; fileRef = 200826A225467DCB00AA89F3 /* PrProperties.swift */; };
		200D81572554FF1E0074DF6B /* PrSynthesizedImplementation.swift in Sources */ = {isa = PBXBuildFile; fileRef = 200D81562554FF1E0074DF6B /* PrSynthesizedImplementation.swift */; };
		2015FEF0256F582F00799BCA /* PropPropertyObservers.swift in Sources */ = {isa = PBXBuildFile; fileRef = 2015FEEF256F582F00799BCA /* PropPropertyObservers.swift */; };
		2015FEF6256F5D8C00799BCA /* PropPropertyWrappers.swift in Sources */ = {isa = PBXBuildFile; fileRef = 2015FEF5256F5D8C00799BCA /* PropPropertyWrappers.swift */; };
		2017DB80258077E800E74559 /* main.swift in Sources */ = {isa = PBXBuildFile; fileRef = 2017DB7F258077E800E74559 /* main.swift */; };
		2017DB8B25807BAA00E74559 /* SubInstanceSubscript.swift in Sources */ = {isa = PBXBuildFile; fileRef = 2017DB8A25807BAA00E74559 /* SubInstanceSubscript.swift */; };
		2017DB9325807CEE00E74559 /* SubTypeSubscript.swift in Sources */ = {isa = PBXBuildFile; fileRef = 2017DB9225807CEE00E74559 /* SubTypeSubscript.swift */; };
		2019408C257F28CD00D7150A /* main.swift in Sources */ = {isa = PBXBuildFile; fileRef = 2019408B257F28CD00D7150A /* main.swift */; };
		20194096257F293B00D7150A /* MeModifying.swift in Sources */ = {isa = PBXBuildFile; fileRef = 20194095257F293B00D7150A /* MeModifying.swift */; };
		2019409D257F2B1300D7150A /* MeTypeMethod.swift in Sources */ = {isa = PBXBuildFile; fileRef = 2019409C257F2B1300D7150A /* MeTypeMethod.swift */; };
		202AE9CD255A3FC60041B840 /* PrProtocolInheritance.swift in Sources */ = {isa = PBXBuildFile; fileRef = 202AE9CC255A3FC60041B840 /* PrProtocolInheritance.swift */; };
		205B74C6253FE18A00C2AAF3 /* ExtMethods.swift in Sources */ = {isa = PBXBuildFile; fileRef = 205B74C5253FE18A00C2AAF3 /* ExtMethods.swift */; };
		205B74CB253FE39900C2AAF3 /* ExtInitializers.swift in Sources */ = {isa = PBXBuildFile; fileRef = 205B74CA253FE39900C2AAF3 /* ExtInitializers.swift */; };
		205B74D0253FE61D00C2AAF3 /* ExtSubscripts.swift in Sources */ = {isa = PBXBuildFile; fileRef = 205B74CF253FE61D00C2AAF3 /* ExtSubscripts.swift */; };
		20683F482564D2980080FDDD /* PrExtensionOfProtocol.swift in Sources */ = {isa = PBXBuildFile; fileRef = 20683F472564D2980080FDDD /* PrExtensionOfProtocol.swift */; };
		206DB5962547C9D000830978 /* PrMethods.swift in Sources */ = {isa = PBXBuildFile; fileRef = 206DB5952547C9D000830978 /* PrMethods.swift */; };
		20707076254A70780013335B /* PrProtocolType.swift in Sources */ = {isa = PBXBuildFile; fileRef = 20707075254A70780013335B /* PrProtocolType.swift */; };
		2070707B254A74740013335B /* PrProtocolDelegate.swift in Sources */ = {isa = PBXBuildFile; fileRef = 2070707A254A74740013335B /* PrProtocolDelegate.swift */; };
		207CE08F254BC59D00826655 /* PrProtocolExtension.swift in Sources */ = {isa = PBXBuildFile; fileRef = 207CE08E254BC59D00826655 /* PrProtocolExtension.swift */; };
		2084712B256E063800CD47F3 /* PropComputedProperties.swift in Sources */ = {isa = PBXBuildFile; fileRef = 2084712A256E063800CD47F3 /* PropComputedProperties.swift */; };
		20880F3025395089000CF637 /* main.swift in Sources */ = {isa = PBXBuildFile; fileRef = 20880F2F25395089000CF637 /* main.swift */; };
		20880F3B25395217000CF637 /* ExtComputedProperties.swift in Sources */ = {isa = PBXBuildFile; fileRef = 20880F3A25395217000CF637 /* ExtComputedProperties.swift */; };
		2094979525637B0200B54967 /* PrOptional.swift in Sources */ = {isa = PBXBuildFile; fileRef = 2094979425637B0200B54967 /* PrOptional.swift */; };
		209C01462541337300C20EE4 /* ExtNestedTypes.swift in Sources */ = {isa = PBXBuildFile; fileRef = 209C01452541337300C20EE4 /* ExtNestedTypes.swift */; };
		20AF6218256A0ECF0074DA10 /* main.swift in Sources */ = {isa = PBXBuildFile; fileRef = 20AF6217256A0ECF0074DA10 /* main.swift */; };
		20AF6221256A103E0074DA10 /* PropStoredProperties.swift in Sources */ = {isa = PBXBuildFile; fileRef = 20AF6220256A103E0074DA10 /* PropStoredProperties.swift */; };
		20C120C4257DDE3200A3347A /* PropTypeProperties.swift in Sources */ = {isa = PBXBuildFile; fileRef = 20C120C3257DDE3200A3347A /* PropTypeProperties.swift */; };
		20C3653125831EEF00FF1BE4 /* InhOverriding.swift in Sources */ = {isa = PBXBuildFile; fileRef = 20C3653025831EEF00FF1BE4 /* InhOverriding.swift */; };
		20CD14A425871417001557FF /* main.swift in Sources */ = {isa = PBXBuildFile; fileRef = 20CD14A325871417001557FF /* main.swift */; };
		20CD14B12587192C001557FF /* IniInitialProterty.swift in Sources */ = {isa = PBXBuildFile; fileRef = 20CD14B02587192C001557FF /* IniInitialProterty.swift */; };
		20DC4EC42581D0E200D7356A /* main.swift in Sources */ = {isa = PBXBuildFile; fileRef = 20DC4EC32581D0E200D7356A /* main.swift */; };
		20E1A3AB252F58ED004DEC61 /* main.swift in Sources */ = {isa = PBXBuildFile; fileRef = 20E1A3AA252F58ED004DEC61 /* main.swift */; };
		20E1A3BA252F5987004DEC61 /* main.swift in Sources */ = {isa = PBXBuildFile; fileRef = 20E1A3B9252F5987004DEC61 /* main.swift */; };
		20E1A3C1252F5A4D004DEC61 /* InitializerRequirements.swift in Sources */ = {isa = PBXBuildFile; fileRef = 20E1A3C0252F5A4D004DEC61 /* InitializerRequirements.swift */; };
		20EF2260255E38880012C9CD /* PrProtocolComposition.swift in Sources */ = {isa = PBXBuildFile; fileRef = 20EF225F255E38880012C9CD /* PrProtocolComposition.swift */; };
		AB3781EA2623FBAD00895E10 /* main.swift in Sources */ = {isa = PBXBuildFile; fileRef = AB3781E92623FBAD00895E10 /* main.swift */; };
		AB3781FD2623FC2000895E10 /* StringLiterals.swift in Sources */ = {isa = PBXBuildFile; fileRef = AB3781FC2623FC2000895E10 /* StringLiterals.swift */; };
		AB401E4D25E4AEAA0003EB50 /* main.swift in Sources */ = {isa = PBXBuildFile; fileRef = AB401E4C25E4AEAA0003EB50 /* main.swift */; };
		AB401E5D25E4AED60003EB50 /* AssociatedTypes.swift in Sources */ = {isa = PBXBuildFile; fileRef = AB401E5C25E4AED60003EB50 /* AssociatedTypes.swift */; };
		AB4C202D25EE6D850080E065 /* main.swift in Sources */ = {isa = PBXBuildFile; fileRef = AB4C202C25EE6D850080E065 /* main.swift */; };
		AB4C203E25EE705D0080E065 /* ARCWeak.swift in Sources */ = {isa = PBXBuildFile; fileRef = AB4C203D25EE705D0080E065 /* ARCWeak.swift */; };
		AB61C6AF25C119E100A0F249 /* main.swift in Sources */ = {isa = PBXBuildFile; fileRef = AB61C6AE25C119E100A0F249 /* main.swift */; };
		AB84EA0725D23FBD00F28A23 /* main.swift in Sources */ = {isa = PBXBuildFile; fileRef = AB84EA0625D23FBD00F28A23 /* main.swift */; };
		ABB893F925C7AF82005B60E1 /* HandlingErrors.swift in Sources */ = {isa = PBXBuildFile; fileRef = ABB893F825C7AF82005B60E1 /* HandlingErrors.swift */; };
		ABC8DE5225AD53AF001099AE /* InitializerInheritance.swift in Sources */ = {isa = PBXBuildFile; fileRef = ABC8DE5125AD53AF001099AE /* InitializerInheritance.swift */; };
		ABD67DFE25B7E25C009B7449 /* FailableInitializer.swift in Sources */ = {isa = PBXBuildFile; fileRef = ABD67DFD25B7E25C009B7449 /* FailableInitializer.swift */; };
		ABDE7343261EAE00004BC4CC /* main.swift in Sources */ = {isa = PBXBuildFile; fileRef = ABDE7342261EAE00004BC4CC /* main.swift */; };
/* End PBXBuildFile section */

/* Begin PBXCopyFilesBuildPhase section */
		2017DB7B258077E800E74559 /* CopyFiles */ = {
			isa = PBXCopyFilesBuildPhase;
			buildActionMask = 2147483647;
			dstPath = /usr/share/man/man1/;
			dstSubfolderSpec = 0;
			files = (
			);
			runOnlyForDeploymentPostprocessing = 1;
		};
		20194087257F28CD00D7150A /* CopyFiles */ = {
			isa = PBXCopyFilesBuildPhase;
			buildActionMask = 2147483647;
			dstPath = /usr/share/man/man1/;
			dstSubfolderSpec = 0;
			files = (
			);
			runOnlyForDeploymentPostprocessing = 1;
		};
		20880F2B25395089000CF637 /* CopyFiles */ = {
			isa = PBXCopyFilesBuildPhase;
			buildActionMask = 2147483647;
			dstPath = /usr/share/man/man1/;
			dstSubfolderSpec = 0;
			files = (
			);
			runOnlyForDeploymentPostprocessing = 1;
		};
		20AF6213256A0ECF0074DA10 /* CopyFiles */ = {
			isa = PBXCopyFilesBuildPhase;
			buildActionMask = 2147483647;
			dstPath = /usr/share/man/man1/;
			dstSubfolderSpec = 0;
			files = (
			);
			runOnlyForDeploymentPostprocessing = 1;
		};
		20CD149F25871417001557FF /* CopyFiles */ = {
			isa = PBXCopyFilesBuildPhase;
			buildActionMask = 2147483647;
			dstPath = /usr/share/man/man1/;
			dstSubfolderSpec = 0;
			files = (
			);
			runOnlyForDeploymentPostprocessing = 1;
		};
		20DC4EBF2581D0E200D7356A /* CopyFiles */ = {
			isa = PBXCopyFilesBuildPhase;
			buildActionMask = 2147483647;
			dstPath = /usr/share/man/man1/;
			dstSubfolderSpec = 0;
			files = (
			);
			runOnlyForDeploymentPostprocessing = 1;
		};
		20E1A3A5252F58ED004DEC61 /* CopyFiles */ = {
			isa = PBXCopyFilesBuildPhase;
			buildActionMask = 2147483647;
			dstPath = /usr/share/man/man1/;
			dstSubfolderSpec = 0;
			files = (
			);
			runOnlyForDeploymentPostprocessing = 1;
		};
		20E1A3B5252F5987004DEC61 /* CopyFiles */ = {
			isa = PBXCopyFilesBuildPhase;
			buildActionMask = 2147483647;
			dstPath = /usr/share/man/man1/;
			dstSubfolderSpec = 0;
			files = (
			);
			runOnlyForDeploymentPostprocessing = 1;
		};
		AB3781E52623FBAD00895E10 /* CopyFiles */ = {
			isa = PBXCopyFilesBuildPhase;
			buildActionMask = 2147483647;
			dstPath = /usr/share/man/man1/;
			dstSubfolderSpec = 0;
			files = (
			);
			runOnlyForDeploymentPostprocessing = 1;
		};
		AB401E4825E4AEAA0003EB50 /* CopyFiles */ = {
			isa = PBXCopyFilesBuildPhase;
			buildActionMask = 2147483647;
			dstPath = /usr/share/man/man1/;
			dstSubfolderSpec = 0;
			files = (
			);
			runOnlyForDeploymentPostprocessing = 1;
		};
		AB4C202825EE6D850080E065 /* CopyFiles */ = {
			isa = PBXCopyFilesBuildPhase;
			buildActionMask = 2147483647;
			dstPath = /usr/share/man/man1/;
			dstSubfolderSpec = 0;
			files = (
			);
			runOnlyForDeploymentPostprocessing = 1;
		};
		AB61C6AA25C119E100A0F249 /* CopyFiles */ = {
			isa = PBXCopyFilesBuildPhase;
			buildActionMask = 2147483647;
			dstPath = /usr/share/man/man1/;
			dstSubfolderSpec = 0;
			files = (
			);
			runOnlyForDeploymentPostprocessing = 1;
		};
		AB84EA0225D23FBD00F28A23 /* CopyFiles */ = {
			isa = PBXCopyFilesBuildPhase;
			buildActionMask = 2147483647;
			dstPath = /usr/share/man/man1/;
			dstSubfolderSpec = 0;
			files = (
			);
			runOnlyForDeploymentPostprocessing = 1;
		};
		ABDE733E261EAE00004BC4CC /* CopyFiles */ = {
			isa = PBXCopyFilesBuildPhase;
			buildActionMask = 2147483647;
			dstPath = /usr/share/man/man1/;
			dstSubfolderSpec = 0;
			files = (
			);
			runOnlyForDeploymentPostprocessing = 1;
		};
/* End PBXCopyFilesBuildPhase section */

/* Begin PBXFileReference section */
		2000405925622BF60061F375 /* PrCheckComformance.swift */ = {isa = PBXFileReference; lastKnownFileType = sourcecode.swift; path = PrCheckComformance.swift; sourceTree = "<group>"; };
		200826A225467DCB00AA89F3 /* PrProperties.swift */ = {isa = PBXFileReference; lastKnownFileType = sourcecode.swift; path = PrProperties.swift; sourceTree = "<group>"; };
		200D81562554FF1E0074DF6B /* PrSynthesizedImplementation.swift */ = {isa = PBXFileReference; lastKnownFileType = sourcecode.swift; path = PrSynthesizedImplementation.swift; sourceTree = "<group>"; };
		2015FEEF256F582F00799BCA /* PropPropertyObservers.swift */ = {isa = PBXFileReference; lastKnownFileType = sourcecode.swift; path = PropPropertyObservers.swift; sourceTree = "<group>"; };
		2015FEF5256F5D8C00799BCA /* PropPropertyWrappers.swift */ = {isa = PBXFileReference; lastKnownFileType = sourcecode.swift; path = PropPropertyWrappers.swift; sourceTree = "<group>"; };
		2017DB7D258077E800E74559 /* Subscripts */ = {isa = PBXFileReference; explicitFileType = "compiled.mach-o.executable"; includeInIndex = 0; path = Subscripts; sourceTree = BUILT_PRODUCTS_DIR; };
		2017DB7F258077E800E74559 /* main.swift */ = {isa = PBXFileReference; lastKnownFileType = sourcecode.swift; path = main.swift; sourceTree = "<group>"; };
		2017DB8A25807BAA00E74559 /* SubInstanceSubscript.swift */ = {isa = PBXFileReference; lastKnownFileType = sourcecode.swift; path = SubInstanceSubscript.swift; sourceTree = "<group>"; };
		2017DB9225807CEE00E74559 /* SubTypeSubscript.swift */ = {isa = PBXFileReference; lastKnownFileType = sourcecode.swift; path = SubTypeSubscript.swift; sourceTree = "<group>"; };
		20194089257F28CD00D7150A /* Methods */ = {isa = PBXFileReference; explicitFileType = "compiled.mach-o.executable"; includeInIndex = 0; path = Methods; sourceTree = BUILT_PRODUCTS_DIR; };
		2019408B257F28CD00D7150A /* main.swift */ = {isa = PBXFileReference; lastKnownFileType = sourcecode.swift; path = main.swift; sourceTree = "<group>"; };
		20194095257F293B00D7150A /* MeModifying.swift */ = {isa = PBXFileReference; lastKnownFileType = sourcecode.swift; path = MeModifying.swift; sourceTree = "<group>"; };
		2019409C257F2B1300D7150A /* MeTypeMethod.swift */ = {isa = PBXFileReference; lastKnownFileType = sourcecode.swift; path = MeTypeMethod.swift; sourceTree = "<group>"; };
		202AE9CC255A3FC60041B840 /* PrProtocolInheritance.swift */ = {isa = PBXFileReference; lastKnownFileType = sourcecode.swift; path = PrProtocolInheritance.swift; sourceTree = "<group>"; };
		205B74C5253FE18A00C2AAF3 /* ExtMethods.swift */ = {isa = PBXFileReference; lastKnownFileType = sourcecode.swift; path = ExtMethods.swift; sourceTree = "<group>"; };
		205B74CA253FE39900C2AAF3 /* ExtInitializers.swift */ = {isa = PBXFileReference; lastKnownFileType = sourcecode.swift; path = ExtInitializers.swift; sourceTree = "<group>"; };
		205B74CF253FE61D00C2AAF3 /* ExtSubscripts.swift */ = {isa = PBXFileReference; lastKnownFileType = sourcecode.swift; path = ExtSubscripts.swift; sourceTree = "<group>"; };
		20683F472564D2980080FDDD /* PrExtensionOfProtocol.swift */ = {isa = PBXFileReference; lastKnownFileType = sourcecode.swift; path = PrExtensionOfProtocol.swift; sourceTree = "<group>"; };
		206DB5952547C9D000830978 /* PrMethods.swift */ = {isa = PBXFileReference; lastKnownFileType = sourcecode.swift; path = PrMethods.swift; sourceTree = "<group>"; };
		20707075254A70780013335B /* PrProtocolType.swift */ = {isa = PBXFileReference; lastKnownFileType = sourcecode.swift; path = PrProtocolType.swift; sourceTree = "<group>"; };
		2070707A254A74740013335B /* PrProtocolDelegate.swift */ = {isa = PBXFileReference; lastKnownFileType = sourcecode.swift; path = PrProtocolDelegate.swift; sourceTree = "<group>"; };
		207CE08E254BC59D00826655 /* PrProtocolExtension.swift */ = {isa = PBXFileReference; lastKnownFileType = sourcecode.swift; path = PrProtocolExtension.swift; sourceTree = "<group>"; };
		2084712A256E063800CD47F3 /* PropComputedProperties.swift */ = {isa = PBXFileReference; lastKnownFileType = sourcecode.swift; path = PropComputedProperties.swift; sourceTree = "<group>"; };
		20880F2D25395089000CF637 /* Extensions */ = {isa = PBXFileReference; explicitFileType = "compiled.mach-o.executable"; includeInIndex = 0; path = Extensions; sourceTree = BUILT_PRODUCTS_DIR; };
		20880F2F25395089000CF637 /* main.swift */ = {isa = PBXFileReference; lastKnownFileType = sourcecode.swift; path = main.swift; sourceTree = "<group>"; };
		20880F3A25395217000CF637 /* ExtComputedProperties.swift */ = {isa = PBXFileReference; lastKnownFileType = sourcecode.swift; path = ExtComputedProperties.swift; sourceTree = "<group>"; };
		2094979425637B0200B54967 /* PrOptional.swift */ = {isa = PBXFileReference; lastKnownFileType = sourcecode.swift; path = PrOptional.swift; sourceTree = "<group>"; };
		209C01452541337300C20EE4 /* ExtNestedTypes.swift */ = {isa = PBXFileReference; lastKnownFileType = sourcecode.swift; path = ExtNestedTypes.swift; sourceTree = "<group>"; };
		20AF6215256A0ECF0074DA10 /* Properties */ = {isa = PBXFileReference; explicitFileType = "compiled.mach-o.executable"; includeInIndex = 0; path = Properties; sourceTree = BUILT_PRODUCTS_DIR; };
		20AF6217256A0ECF0074DA10 /* main.swift */ = {isa = PBXFileReference; lastKnownFileType = sourcecode.swift; path = main.swift; sourceTree = "<group>"; };
		20AF6220256A103E0074DA10 /* PropStoredProperties.swift */ = {isa = PBXFileReference; lastKnownFileType = sourcecode.swift; path = PropStoredProperties.swift; sourceTree = "<group>"; };
		20C120C3257DDE3200A3347A /* PropTypeProperties.swift */ = {isa = PBXFileReference; lastKnownFileType = sourcecode.swift; path = PropTypeProperties.swift; sourceTree = "<group>"; };
		20C3653025831EEF00FF1BE4 /* InhOverriding.swift */ = {isa = PBXFileReference; lastKnownFileType = sourcecode.swift; path = InhOverriding.swift; sourceTree = "<group>"; };
		20CD14A125871417001557FF /* Initializers */ = {isa = PBXFileReference; explicitFileType = "compiled.mach-o.executable"; includeInIndex = 0; path = Initializers; sourceTree = BUILT_PRODUCTS_DIR; };
		20CD14A325871417001557FF /* main.swift */ = {isa = PBXFileReference; lastKnownFileType = sourcecode.swift; path = main.swift; sourceTree = "<group>"; };
		20CD14B02587192C001557FF /* IniInitialProterty.swift */ = {isa = PBXFileReference; lastKnownFileType = sourcecode.swift; path = IniInitialProterty.swift; sourceTree = "<group>"; };
		20DC4EC12581D0E200D7356A /* Inheritance */ = {isa = PBXFileReference; explicitFileType = "compiled.mach-o.executable"; includeInIndex = 0; path = Inheritance; sourceTree = BUILT_PRODUCTS_DIR; };
		20DC4EC32581D0E200D7356A /* main.swift */ = {isa = PBXFileReference; lastKnownFileType = sourcecode.swift; path = main.swift; sourceTree = "<group>"; };
		20E1A3A7252F58ED004DEC61 /* SwiftLanguage */ = {isa = PBXFileReference; explicitFileType = "compiled.mach-o.executable"; includeInIndex = 0; path = SwiftLanguage; sourceTree = BUILT_PRODUCTS_DIR; };
		20E1A3AA252F58ED004DEC61 /* main.swift */ = {isa = PBXFileReference; lastKnownFileType = sourcecode.swift; path = main.swift; sourceTree = "<group>"; };
		20E1A3B7252F5987004DEC61 /* Protocols */ = {isa = PBXFileReference; explicitFileType = "compiled.mach-o.executable"; includeInIndex = 0; path = Protocols; sourceTree = BUILT_PRODUCTS_DIR; };
		20E1A3B9252F5987004DEC61 /* main.swift */ = {isa = PBXFileReference; lastKnownFileType = sourcecode.swift; path = main.swift; sourceTree = "<group>"; };
		20E1A3C0252F5A4D004DEC61 /* InitializerRequirements.swift */ = {isa = PBXFileReference; lastKnownFileType = sourcecode.swift; path = InitializerRequirements.swift; sourceTree = "<group>"; };
		20EF225F255E38880012C9CD /* PrProtocolComposition.swift */ = {isa = PBXFileReference; lastKnownFileType = sourcecode.swift; path = PrProtocolComposition.swift; sourceTree = "<group>"; };
		AB3781E72623FBAD00895E10 /* Strings */ = {isa = PBXFileReference; explicitFileType = "compiled.mach-o.executable"; includeInIndex = 0; path = Strings; sourceTree = BUILT_PRODUCTS_DIR; };
		AB3781E92623FBAD00895E10 /* main.swift */ = {isa = PBXFileReference; lastKnownFileType = sourcecode.swift; path = main.swift; sourceTree = "<group>"; };
		AB3781FC2623FC2000895E10 /* StringLiterals.swift */ = {isa = PBXFileReference; lastKnownFileType = sourcecode.swift; path = StringLiterals.swift; sourceTree = "<group>"; };
		AB401E4A25E4AEAA0003EB50 /* Generics */ = {isa = PBXFileReference; explicitFileType = "compiled.mach-o.executable"; includeInIndex = 0; path = Generics; sourceTree = BUILT_PRODUCTS_DIR; };
		AB401E4C25E4AEAA0003EB50 /* main.swift */ = {isa = PBXFileReference; lastKnownFileType = sourcecode.swift; path = main.swift; sourceTree = "<group>"; };
		AB401E5C25E4AED60003EB50 /* AssociatedTypes.swift */ = {isa = PBXFileReference; lastKnownFileType = sourcecode.swift; path = AssociatedTypes.swift; sourceTree = "<group>"; };
		AB4C202A25EE6D850080E065 /* ARC */ = {isa = PBXFileReference; explicitFileType = "compiled.mach-o.executable"; includeInIndex = 0; path = ARC; sourceTree = BUILT_PRODUCTS_DIR; };
		AB4C202C25EE6D850080E065 /* main.swift */ = {isa = PBXFileReference; lastKnownFileType = sourcecode.swift; path = main.swift; sourceTree = "<group>"; };
		AB4C203D25EE705D0080E065 /* ARCWeak.swift */ = {isa = PBXFileReference; lastKnownFileType = sourcecode.swift; path = ARCWeak.swift; sourceTree = "<group>"; };
		AB61C6AC25C119E100A0F249 /* ErrorHandling */ = {isa = PBXFileReference; explicitFileType = "compiled.mach-o.executable"; includeInIndex = 0; path = ErrorHandling; sourceTree = BUILT_PRODUCTS_DIR; };
		AB61C6AE25C119E100A0F249 /* main.swift */ = {isa = PBXFileReference; lastKnownFileType = sourcecode.swift; path = main.swift; sourceTree = "<group>"; };
		AB84EA0425D23FBD00F28A23 /* TypeCasting */ = {isa = PBXFileReference; explicitFileType = "compiled.mach-o.executable"; includeInIndex = 0; path = TypeCasting; sourceTree = BUILT_PRODUCTS_DIR; };
		AB84EA0625D23FBD00F28A23 /* main.swift */ = {isa = PBXFileReference; lastKnownFileType = sourcecode.swift; path = main.swift; sourceTree = "<group>"; };
		ABB893F825C7AF82005B60E1 /* HandlingErrors.swift */ = {isa = PBXFileReference; lastKnownFileType = sourcecode.swift; path = HandlingErrors.swift; sourceTree = "<group>"; };
		ABC8DE5125AD53AF001099AE /* InitializerInheritance.swift */ = {isa = PBXFileReference; lastKnownFileType = sourcecode.swift; path = InitializerInheritance.swift; sourceTree = "<group>"; };
		ABD67DFD25B7E25C009B7449 /* FailableInitializer.swift */ = {isa = PBXFileReference; lastKnownFileType = sourcecode.swift; path = FailableInitializer.swift; sourceTree = "<group>"; };
		ABDE7340261EAE00004BC4CC /* Enumerations */ = {isa = PBXFileReference; explicitFileType = "compiled.mach-o.executable"; includeInIndex = 0; path = Enumerations; sourceTree = BUILT_PRODUCTS_DIR; };
		ABDE7342261EAE00004BC4CC /* main.swift */ = {isa = PBXFileReference; lastKnownFileType = sourcecode.swift; path = main.swift; sourceTree = "<group>"; };
/* End PBXFileReference section */

/* Begin PBXFrameworksBuildPhase section */
		2017DB7A258077E800E74559 /* Frameworks */ = {
			isa = PBXFrameworksBuildPhase;
			buildActionMask = 2147483647;
			files = (
			);
			runOnlyForDeploymentPostprocessing = 0;
		};
		20194086257F28CD00D7150A /* Frameworks */ = {
			isa = PBXFrameworksBuildPhase;
			buildActionMask = 2147483647;
			files = (
			);
			runOnlyForDeploymentPostprocessing = 0;
		};
		20880F2A25395089000CF637 /* Frameworks */ = {
			isa = PBXFrameworksBuildPhase;
			buildActionMask = 2147483647;
			files = (
			);
			runOnlyForDeploymentPostprocessing = 0;
		};
		20AF6212256A0ECF0074DA10 /* Frameworks */ = {
			isa = PBXFrameworksBuildPhase;
			buildActionMask = 2147483647;
			files = (
			);
			runOnlyForDeploymentPostprocessing = 0;
		};
		20CD149E25871417001557FF /* Frameworks */ = {
			isa = PBXFrameworksBuildPhase;
			buildActionMask = 2147483647;
			files = (
			);
			runOnlyForDeploymentPostprocessing = 0;
		};
		20DC4EBE2581D0E200D7356A /* Frameworks */ = {
			isa = PBXFrameworksBuildPhase;
			buildActionMask = 2147483647;
			files = (
			);
			runOnlyForDeploymentPostprocessing = 0;
		};
		20E1A3A4252F58ED004DEC61 /* Frameworks */ = {
			isa = PBXFrameworksBuildPhase;
			buildActionMask = 2147483647;
			files = (
			);
			runOnlyForDeploymentPostprocessing = 0;
		};
		20E1A3B4252F5987004DEC61 /* Frameworks */ = {
			isa = PBXFrameworksBuildPhase;
			buildActionMask = 2147483647;
			files = (
			);
			runOnlyForDeploymentPostprocessing = 0;
		};
		AB3781E42623FBAD00895E10 /* Frameworks */ = {
			isa = PBXFrameworksBuildPhase;
			buildActionMask = 2147483647;
			files = (
			);
			runOnlyForDeploymentPostprocessing = 0;
		};
		AB401E4725E4AEAA0003EB50 /* Frameworks */ = {
			isa = PBXFrameworksBuildPhase;
			buildActionMask = 2147483647;
			files = (
			);
			runOnlyForDeploymentPostprocessing = 0;
		};
		AB4C202725EE6D850080E065 /* Frameworks */ = {
			isa = PBXFrameworksBuildPhase;
			buildActionMask = 2147483647;
			files = (
			);
			runOnlyForDeploymentPostprocessing = 0;
		};
		AB61C6A925C119E100A0F249 /* Frameworks */ = {
			isa = PBXFrameworksBuildPhase;
			buildActionMask = 2147483647;
			files = (
			);
			runOnlyForDeploymentPostprocessing = 0;
		};
		AB84EA0125D23FBD00F28A23 /* Frameworks */ = {
			isa = PBXFrameworksBuildPhase;
			buildActionMask = 2147483647;
			files = (
			);
			runOnlyForDeploymentPostprocessing = 0;
		};
		ABDE733D261EAE00004BC4CC /* Frameworks */ = {
			isa = PBXFrameworksBuildPhase;
			buildActionMask = 2147483647;
			files = (
			);
			runOnlyForDeploymentPostprocessing = 0;
		};
/* End PBXFrameworksBuildPhase section */

/* Begin PBXGroup section */
		2017DB7E258077E800E74559 /* Subscripts */ = {
			isa = PBXGroup;
			children = (
				2017DB7F258077E800E74559 /* main.swift */,
				2017DB8A25807BAA00E74559 /* SubInstanceSubscript.swift */,
				2017DB9225807CEE00E74559 /* SubTypeSubscript.swift */,
			);
			path = Subscripts;
			sourceTree = "<group>";
		};
		2019408A257F28CD00D7150A /* Methods */ = {
			isa = PBXGroup;
			children = (
				2019408B257F28CD00D7150A /* main.swift */,
				20194095257F293B00D7150A /* MeModifying.swift */,
				2019409C257F2B1300D7150A /* MeTypeMethod.swift */,
			);
			path = Methods;
			sourceTree = "<group>";
		};
		20880F2E25395089000CF637 /* Extensions */ = {
			isa = PBXGroup;
			children = (
				20880F2F25395089000CF637 /* main.swift */,
				20880F3A25395217000CF637 /* ExtComputedProperties.swift */,
				205B74C5253FE18A00C2AAF3 /* ExtMethods.swift */,
				205B74CA253FE39900C2AAF3 /* ExtInitializers.swift */,
				205B74CF253FE61D00C2AAF3 /* ExtSubscripts.swift */,
				209C01452541337300C20EE4 /* ExtNestedTypes.swift */,
			);
			path = Extensions;
			sourceTree = "<group>";
		};
		20AF6216256A0ECF0074DA10 /* Properties */ = {
			isa = PBXGroup;
			children = (
				20AF6217256A0ECF0074DA10 /* main.swift */,
				20AF6220256A103E0074DA10 /* PropStoredProperties.swift */,
				2084712A256E063800CD47F3 /* PropComputedProperties.swift */,
				2015FEEF256F582F00799BCA /* PropPropertyObservers.swift */,
				2015FEF5256F5D8C00799BCA /* PropPropertyWrappers.swift */,
				20C120C3257DDE3200A3347A /* PropTypeProperties.swift */,
			);
			path = Properties;
			sourceTree = "<group>";
		};
		20CD14A225871417001557FF /* Initializers */ = {
			isa = PBXGroup;
			children = (
				20CD14A325871417001557FF /* main.swift */,
				20CD14B02587192C001557FF /* IniInitialProterty.swift */,
				ABC8DE5125AD53AF001099AE /* InitializerInheritance.swift */,
				ABD67DFD25B7E25C009B7449 /* FailableInitializer.swift */,
			);
			path = Initializers;
			sourceTree = "<group>";
		};
		20DC4EC22581D0E200D7356A /* Inheritance */ = {
			isa = PBXGroup;
			children = (
				20DC4EC32581D0E200D7356A /* main.swift */,
				20C3653025831EEF00FF1BE4 /* InhOverriding.swift */,
			);
			path = Inheritance;
			sourceTree = "<group>";
		};
		20E1A39E252F58ED004DEC61 = {
			isa = PBXGroup;
			children = (
				20E1A3A9252F58ED004DEC61 /* SwiftLanguage */,
				20880F2E25395089000CF637 /* Extensions */,
				20E1A3B8252F5987004DEC61 /* Protocols */,
				20AF6216256A0ECF0074DA10 /* Properties */,
				2019408A257F28CD00D7150A /* Methods */,
				2017DB7E258077E800E74559 /* Subscripts */,
				20DC4EC22581D0E200D7356A /* Inheritance */,
				20CD14A225871417001557FF /* Initializers */,
				AB61C6AD25C119E100A0F249 /* ErrorHandling */,
				AB84EA0525D23FBD00F28A23 /* TypeCasting */,
				AB401E4B25E4AEAA0003EB50 /* Generics */,
				AB4C202B25EE6D850080E065 /* ARC */,
				ABDE7341261EAE00004BC4CC /* Enumerations */,
				AB3781E82623FBAD00895E10 /* Strings */,
				20E1A3A8252F58ED004DEC61 /* Products */,
			);
			sourceTree = "<group>";
		};
		20E1A3A8252F58ED004DEC61 /* Products */ = {
			isa = PBXGroup;
			children = (
				20E1A3A7252F58ED004DEC61 /* SwiftLanguage */,
				20E1A3B7252F5987004DEC61 /* Protocols */,
				20880F2D25395089000CF637 /* Extensions */,
				20AF6215256A0ECF0074DA10 /* Properties */,
				20194089257F28CD00D7150A /* Methods */,
				2017DB7D258077E800E74559 /* Subscripts */,
				20DC4EC12581D0E200D7356A /* Inheritance */,
				20CD14A125871417001557FF /* Initializers */,
				AB61C6AC25C119E100A0F249 /* ErrorHandling */,
				AB84EA0425D23FBD00F28A23 /* TypeCasting */,
				AB401E4A25E4AEAA0003EB50 /* Generics */,
				AB4C202A25EE6D850080E065 /* ARC */,
				ABDE7340261EAE00004BC4CC /* Enumerations */,
				AB3781E72623FBAD00895E10 /* Strings */,
			);
			name = Products;
			sourceTree = "<group>";
		};
		20E1A3A9252F58ED004DEC61 /* SwiftLanguage */ = {
			isa = PBXGroup;
			children = (
				20E1A3AA252F58ED004DEC61 /* main.swift */,
			);
			path = SwiftLanguage;
			sourceTree = "<group>";
		};
		20E1A3B8252F5987004DEC61 /* Protocols */ = {
			isa = PBXGroup;
			children = (
				20E1A3B9252F5987004DEC61 /* main.swift */,
				20E1A3C0252F5A4D004DEC61 /* InitializerRequirements.swift */,
				200826A225467DCB00AA89F3 /* PrProperties.swift */,
				206DB5952547C9D000830978 /* PrMethods.swift */,
				20707075254A70780013335B /* PrProtocolType.swift */,
				2070707A254A74740013335B /* PrProtocolDelegate.swift */,
				207CE08E254BC59D00826655 /* PrProtocolExtension.swift */,
				200D81562554FF1E0074DF6B /* PrSynthesizedImplementation.swift */,
				202AE9CC255A3FC60041B840 /* PrProtocolInheritance.swift */,
				20EF225F255E38880012C9CD /* PrProtocolComposition.swift */,
				2000405925622BF60061F375 /* PrCheckComformance.swift */,
				2094979425637B0200B54967 /* PrOptional.swift */,
				20683F472564D2980080FDDD /* PrExtensionOfProtocol.swift */,
			);
			path = Protocols;
			sourceTree = "<group>";
		};
		AB3781E82623FBAD00895E10 /* Strings */ = {
			isa = PBXGroup;
			children = (
				AB3781E92623FBAD00895E10 /* main.swift */,
				AB3781FC2623FC2000895E10 /* StringLiterals.swift */,
			);
			path = Strings;
			sourceTree = "<group>";
		};
		AB401E4B25E4AEAA0003EB50 /* Generics */ = {
			isa = PBXGroup;
			children = (
				AB401E4C25E4AEAA0003EB50 /* main.swift */,
				AB401E5C25E4AED60003EB50 /* AssociatedTypes.swift */,
			);
			path = Generics;
			sourceTree = "<group>";
		};
		AB4C202B25EE6D850080E065 /* ARC */ = {
			isa = PBXGroup;
			children = (
				AB4C202C25EE6D850080E065 /* main.swift */,
				AB4C203D25EE705D0080E065 /* ARCWeak.swift */,
			);
			path = ARC;
			sourceTree = "<group>";
		};
		AB61C6AD25C119E100A0F249 /* ErrorHandling */ = {
			isa = PBXGroup;
			children = (
				AB61C6AE25C119E100A0F249 /* main.swift */,
				ABB893F825C7AF82005B60E1 /* HandlingErrors.swift */,
			);
			path = ErrorHandling;
			sourceTree = "<group>";
		};
		AB84EA0525D23FBD00F28A23 /* TypeCasting */ = {
			isa = PBXGroup;
			children = (
				AB84EA0625D23FBD00F28A23 /* main.swift */,
			);
			path = TypeCasting;
			sourceTree = "<group>";
		};
		ABDE7341261EAE00004BC4CC /* Enumerations */ = {
			isa = PBXGroup;
			children = (
				ABDE7342261EAE00004BC4CC /* main.swift */,
			);
			path = Enumerations;
			sourceTree = "<group>";
		};
/* End PBXGroup section */

/* Begin PBXNativeTarget section */
		2017DB7C258077E800E74559 /* Subscripts */ = {
			isa = PBXNativeTarget;
			buildConfigurationList = 2017DB83258077E800E74559 /* Build configuration list for PBXNativeTarget "Subscripts" */;
			buildPhases = (
				2017DB79258077E800E74559 /* Sources */,
				2017DB7A258077E800E74559 /* Frameworks */,
				2017DB7B258077E800E74559 /* CopyFiles */,
			);
			buildRules = (
			);
			dependencies = (
			);
			name = Subscripts;
			productName = Subscripts;
			productReference = 2017DB7D258077E800E74559 /* Subscripts */;
			productType = "com.apple.product-type.tool";
		};
		20194088257F28CD00D7150A /* Methods */ = {
			isa = PBXNativeTarget;
			buildConfigurationList = 2019408F257F28CD00D7150A /* Build configuration list for PBXNativeTarget "Methods" */;
			buildPhases = (
				20194085257F28CD00D7150A /* Sources */,
				20194086257F28CD00D7150A /* Frameworks */,
				20194087257F28CD00D7150A /* CopyFiles */,
			);
			buildRules = (
			);
			dependencies = (
			);
			name = Methods;
			productName = Methods;
			productReference = 20194089257F28CD00D7150A /* Methods */;
			productType = "com.apple.product-type.tool";
		};
		20880F2C25395089000CF637 /* Extensions */ = {
			isa = PBXNativeTarget;
			buildConfigurationList = 20880F3125395089000CF637 /* Build configuration list for PBXNativeTarget "Extensions" */;
			buildPhases = (
				20880F2925395089000CF637 /* Sources */,
				20880F2A25395089000CF637 /* Frameworks */,
				20880F2B25395089000CF637 /* CopyFiles */,
			);
			buildRules = (
			);
			dependencies = (
			);
			name = Extensions;
			productName = Extensions;
			productReference = 20880F2D25395089000CF637 /* Extensions */;
			productType = "com.apple.product-type.tool";
		};
		20AF6214256A0ECF0074DA10 /* Properties */ = {
			isa = PBXNativeTarget;
			buildConfigurationList = 20AF621B256A0ECF0074DA10 /* Build configuration list for PBXNativeTarget "Properties" */;
			buildPhases = (
				20AF6211256A0ECF0074DA10 /* Sources */,
				20AF6212256A0ECF0074DA10 /* Frameworks */,
				20AF6213256A0ECF0074DA10 /* CopyFiles */,
			);
			buildRules = (
			);
			dependencies = (
			);
			name = Properties;
			productName = Properties;
			productReference = 20AF6215256A0ECF0074DA10 /* Properties */;
			productType = "com.apple.product-type.tool";
		};
		20CD14A025871417001557FF /* Initializers */ = {
			isa = PBXNativeTarget;
			buildConfigurationList = 20CD14A725871417001557FF /* Build configuration list for PBXNativeTarget "Initializers" */;
			buildPhases = (
				20CD149D25871417001557FF /* Sources */,
				20CD149E25871417001557FF /* Frameworks */,
				20CD149F25871417001557FF /* CopyFiles */,
			);
			buildRules = (
			);
			dependencies = (
			);
			name = Initializers;
			productName = Initializers;
			productReference = 20CD14A125871417001557FF /* Initializers */;
			productType = "com.apple.product-type.tool";
		};
		20DC4EC02581D0E200D7356A /* Inheritance */ = {
			isa = PBXNativeTarget;
			buildConfigurationList = 20DC4EC72581D0E200D7356A /* Build configuration list for PBXNativeTarget "Inheritance" */;
			buildPhases = (
				20DC4EBD2581D0E200D7356A /* Sources */,
				20DC4EBE2581D0E200D7356A /* Frameworks */,
				20DC4EBF2581D0E200D7356A /* CopyFiles */,
			);
			buildRules = (
			);
			dependencies = (
			);
			name = Inheritance;
			productName = Inheritance;
			productReference = 20DC4EC12581D0E200D7356A /* Inheritance */;
			productType = "com.apple.product-type.tool";
		};
		20E1A3A6252F58ED004DEC61 /* SwiftLanguage */ = {
			isa = PBXNativeTarget;
			buildConfigurationList = 20E1A3AE252F58ED004DEC61 /* Build configuration list for PBXNativeTarget "SwiftLanguage" */;
			buildPhases = (
				20E1A3A3252F58ED004DEC61 /* Sources */,
				20E1A3A4252F58ED004DEC61 /* Frameworks */,
				20E1A3A5252F58ED004DEC61 /* CopyFiles */,
			);
			buildRules = (
			);
			dependencies = (
			);
			name = SwiftLanguage;
			productName = SwiftLanguage;
			productReference = 20E1A3A7252F58ED004DEC61 /* SwiftLanguage */;
			productType = "com.apple.product-type.tool";
		};
		20E1A3B6252F5987004DEC61 /* Protocols */ = {
			isa = PBXNativeTarget;
			buildConfigurationList = 20E1A3BD252F5987004DEC61 /* Build configuration list for PBXNativeTarget "Protocols" */;
			buildPhases = (
				20E1A3B3252F5987004DEC61 /* Sources */,
				20E1A3B4252F5987004DEC61 /* Frameworks */,
				20E1A3B5252F5987004DEC61 /* CopyFiles */,
			);
			buildRules = (
			);
			dependencies = (
			);
			name = Protocols;
			productName = Protocols;
			productReference = 20E1A3B7252F5987004DEC61 /* Protocols */;
			productType = "com.apple.product-type.tool";
		};
		AB3781E62623FBAD00895E10 /* Strings */ = {
			isa = PBXNativeTarget;
			buildConfigurationList = AB3781ED2623FBAD00895E10 /* Build configuration list for PBXNativeTarget "Strings" */;
			buildPhases = (
				AB3781E32623FBAD00895E10 /* Sources */,
				AB3781E42623FBAD00895E10 /* Frameworks */,
				AB3781E52623FBAD00895E10 /* CopyFiles */,
			);
			buildRules = (
			);
			dependencies = (
			);
			name = Strings;
			productName = Strings;
			productReference = AB3781E72623FBAD00895E10 /* Strings */;
			productType = "com.apple.product-type.tool";
		};
		AB401E4925E4AEAA0003EB50 /* Generics */ = {
			isa = PBXNativeTarget;
			buildConfigurationList = AB401E5025E4AEAA0003EB50 /* Build configuration list for PBXNativeTarget "Generics" */;
			buildPhases = (
				AB401E4625E4AEAA0003EB50 /* Sources */,
				AB401E4725E4AEAA0003EB50 /* Frameworks */,
				AB401E4825E4AEAA0003EB50 /* CopyFiles */,
			);
			buildRules = (
			);
			dependencies = (
			);
			name = Generics;
			productName = Generics;
			productReference = AB401E4A25E4AEAA0003EB50 /* Generics */;
			productType = "com.apple.product-type.tool";
		};
		AB4C202925EE6D850080E065 /* ARC */ = {
			isa = PBXNativeTarget;
			buildConfigurationList = AB4C203025EE6D850080E065 /* Build configuration list for PBXNativeTarget "ARC" */;
			buildPhases = (
				AB4C202625EE6D850080E065 /* Sources */,
				AB4C202725EE6D850080E065 /* Frameworks */,
				AB4C202825EE6D850080E065 /* CopyFiles */,
			);
			buildRules = (
			);
			dependencies = (
			);
			name = ARC;
			productName = ARC;
			productReference = AB4C202A25EE6D850080E065 /* ARC */;
			productType = "com.apple.product-type.tool";
		};
		AB61C6AB25C119E100A0F249 /* ErrorHandling */ = {
			isa = PBXNativeTarget;
			buildConfigurationList = AB61C6B225C119E100A0F249 /* Build configuration list for PBXNativeTarget "ErrorHandling" */;
			buildPhases = (
				AB61C6A825C119E100A0F249 /* Sources */,
				AB61C6A925C119E100A0F249 /* Frameworks */,
				AB61C6AA25C119E100A0F249 /* CopyFiles */,
			);
			buildRules = (
			);
			dependencies = (
			);
			name = ErrorHandling;
			productName = ErrorHandling;
			productReference = AB61C6AC25C119E100A0F249 /* ErrorHandling */;
			productType = "com.apple.product-type.tool";
		};
		AB84EA0325D23FBD00F28A23 /* TypeCasting */ = {
			isa = PBXNativeTarget;
			buildConfigurationList = AB84EA0A25D23FBD00F28A23 /* Build configuration list for PBXNativeTarget "TypeCasting" */;
			buildPhases = (
				AB84EA0025D23FBD00F28A23 /* Sources */,
				AB84EA0125D23FBD00F28A23 /* Frameworks */,
				AB84EA0225D23FBD00F28A23 /* CopyFiles */,
			);
			buildRules = (
			);
			dependencies = (
			);
			name = TypeCasting;
			productName = TypeCasting;
			productReference = AB84EA0425D23FBD00F28A23 /* TypeCasting */;
			productType = "com.apple.product-type.tool";
		};
		ABDE733F261EAE00004BC4CC /* Enumerations */ = {
			isa = PBXNativeTarget;
			buildConfigurationList = ABDE7346261EAE00004BC4CC /* Build configuration list for PBXNativeTarget "Enumerations" */;
			buildPhases = (
				ABDE733C261EAE00004BC4CC /* Sources */,
				ABDE733D261EAE00004BC4CC /* Frameworks */,
				ABDE733E261EAE00004BC4CC /* CopyFiles */,
			);
			buildRules = (
			);
			dependencies = (
			);
			name = Enumerations;
			productName = Enumerations;
			productReference = ABDE7340261EAE00004BC4CC /* Enumerations */;
			productType = "com.apple.product-type.tool";
		};
/* End PBXNativeTarget section */

/* Begin PBXProject section */
		20E1A39F252F58ED004DEC61 /* Project object */ = {
			isa = PBXProject;
			attributes = {
				LastSwiftUpdateCheck = 1230;
				LastUpgradeCheck = 1200;
				TargetAttributes = {
					2017DB7C258077E800E74559 = {
						CreatedOnToolsVersion = 12.0;
					};
					20194088257F28CD00D7150A = {
						CreatedOnToolsVersion = 12.0;
					};
					20880F2C25395089000CF637 = {
						CreatedOnToolsVersion = 12.0;
					};
					20AF6214256A0ECF0074DA10 = {
						CreatedOnToolsVersion = 12.0;
					};
					20CD14A025871417001557FF = {
						CreatedOnToolsVersion = 12.0;
					};
					20DC4EC02581D0E200D7356A = {
						CreatedOnToolsVersion = 12.0;
					};
					20E1A3A6252F58ED004DEC61 = {
						CreatedOnToolsVersion = 12.0;
					};
					20E1A3B6252F5987004DEC61 = {
						CreatedOnToolsVersion = 12.0;
					};
					AB3781E62623FBAD00895E10 = {
						CreatedOnToolsVersion = 12.3;
					};
					AB401E4925E4AEAA0003EB50 = {
						CreatedOnToolsVersion = 12.3;
					};
					AB4C202925EE6D850080E065 = {
						CreatedOnToolsVersion = 12.3;
					};
					AB61C6AB25C119E100A0F249 = {
						CreatedOnToolsVersion = 12.3;
					};
					AB84EA0325D23FBD00F28A23 = {
						CreatedOnToolsVersion = 12.3;
					};
					ABDE733F261EAE00004BC4CC = {
						CreatedOnToolsVersion = 12.3;
					};
				};
			};
			buildConfigurationList = 20E1A3A2252F58ED004DEC61 /* Build configuration list for PBXProject "SwiftLanguage" */;
			compatibilityVersion = "Xcode 9.3";
			developmentRegion = en;
			hasScannedForEncodings = 0;
			knownRegions = (
				en,
				Base,
			);
			mainGroup = 20E1A39E252F58ED004DEC61;
			productRefGroup = 20E1A3A8252F58ED004DEC61 /* Products */;
			projectDirPath = "";
			projectRoot = "";
			targets = (
				20E1A3A6252F58ED004DEC61 /* SwiftLanguage */,
				20880F2C25395089000CF637 /* Extensions */,
				20E1A3B6252F5987004DEC61 /* Protocols */,
				20AF6214256A0ECF0074DA10 /* Properties */,
				20194088257F28CD00D7150A /* Methods */,
				2017DB7C258077E800E74559 /* Subscripts */,
				20DC4EC02581D0E200D7356A /* Inheritance */,
				20CD14A025871417001557FF /* Initializers */,
				AB61C6AB25C119E100A0F249 /* ErrorHandling */,
				AB84EA0325D23FBD00F28A23 /* TypeCasting */,
				AB401E4925E4AEAA0003EB50 /* Generics */,
				AB4C202925EE6D850080E065 /* ARC */,
				ABDE733F261EAE00004BC4CC /* Enumerations */,
				AB3781E62623FBAD00895E10 /* Strings */,
			);
		};
/* End PBXProject section */

/* Begin PBXSourcesBuildPhase section */
		2017DB79258077E800E74559 /* Sources */ = {
			isa = PBXSourcesBuildPhase;
			buildActionMask = 2147483647;
			files = (
				2017DB9325807CEE00E74559 /* SubTypeSubscript.swift in Sources */,
				2017DB80258077E800E74559 /* main.swift in Sources */,
				2017DB8B25807BAA00E74559 /* SubInstanceSubscript.swift in Sources */,
			);
			runOnlyForDeploymentPostprocessing = 0;
		};
		20194085257F28CD00D7150A /* Sources */ = {
			isa = PBXSourcesBuildPhase;
			buildActionMask = 2147483647;
			files = (
				2019409D257F2B1300D7150A /* MeTypeMethod.swift in Sources */,
				20194096257F293B00D7150A /* MeModifying.swift in Sources */,
				2019408C257F28CD00D7150A /* main.swift in Sources */,
			);
			runOnlyForDeploymentPostprocessing = 0;
		};
		20880F2925395089000CF637 /* Sources */ = {
			isa = PBXSourcesBuildPhase;
			buildActionMask = 2147483647;
			files = (
				209C01462541337300C20EE4 /* ExtNestedTypes.swift in Sources */,
				205B74CB253FE39900C2AAF3 /* ExtInitializers.swift in Sources */,
				205B74C6253FE18A00C2AAF3 /* ExtMethods.swift in Sources */,
				20880F3025395089000CF637 /* main.swift in Sources */,
				20880F3B25395217000CF637 /* ExtComputedProperties.swift in Sources */,
				205B74D0253FE61D00C2AAF3 /* ExtSubscripts.swift in Sources */,
			);
			runOnlyForDeploymentPostprocessing = 0;
		};
		20AF6211256A0ECF0074DA10 /* Sources */ = {
			isa = PBXSourcesBuildPhase;
			buildActionMask = 2147483647;
			files = (
				2015FEF6256F5D8C00799BCA /* PropPropertyWrappers.swift in Sources */,
				2084712B256E063800CD47F3 /* PropComputedProperties.swift in Sources */,
				20AF6221256A103E0074DA10 /* PropStoredProperties.swift in Sources */,
				20C120C4257DDE3200A3347A /* PropTypeProperties.swift in Sources */,
				20AF6218256A0ECF0074DA10 /* main.swift in Sources */,
				2015FEF0256F582F00799BCA /* PropPropertyObservers.swift in Sources */,
			);
			runOnlyForDeploymentPostprocessing = 0;
		};
		20CD149D25871417001557FF /* Sources */ = {
			isa = PBXSourcesBuildPhase;
			buildActionMask = 2147483647;
			files = (
				ABD67DFE25B7E25C009B7449 /* FailableInitializer.swift in Sources */,
				ABC8DE5225AD53AF001099AE /* InitializerInheritance.swift in Sources */,
				20CD14B12587192C001557FF /* IniInitialProterty.swift in Sources */,
				20CD14A425871417001557FF /* main.swift in Sources */,
			);
			runOnlyForDeploymentPostprocessing = 0;
		};
		20DC4EBD2581D0E200D7356A /* Sources */ = {
			isa = PBXSourcesBuildPhase;
			buildActionMask = 2147483647;
			files = (
				20C3653125831EEF00FF1BE4 /* InhOverriding.swift in Sources */,
				20DC4EC42581D0E200D7356A /* main.swift in Sources */,
			);
			runOnlyForDeploymentPostprocessing = 0;
		};
		20E1A3A3252F58ED004DEC61 /* Sources */ = {
			isa = PBXSourcesBuildPhase;
			buildActionMask = 2147483647;
			files = (
				20E1A3AB252F58ED004DEC61 /* main.swift in Sources */,
			);
			runOnlyForDeploymentPostprocessing = 0;
		};
		20E1A3B3252F5987004DEC61 /* Sources */ = {
			isa = PBXSourcesBuildPhase;
			buildActionMask = 2147483647;
			files = (
				200D81572554FF1E0074DF6B /* PrSynthesizedImplementation.swift in Sources */,
				20707076254A70780013335B /* PrProtocolType.swift in Sources */,
				206DB5962547C9D000830978 /* PrMethods.swift in Sources */,
				207CE08F254BC59D00826655 /* PrProtocolExtension.swift in Sources */,
				20E1A3C1252F5A4D004DEC61 /* InitializerRequirements.swift in Sources */,
				20E1A3BA252F5987004DEC61 /* main.swift in Sources */,
				202AE9CD255A3FC60041B840 /* PrProtocolInheritance.swift in Sources */,
				2094979525637B0200B54967 /* PrOptional.swift in Sources */,
				2070707B254A74740013335B /* PrProtocolDelegate.swift in Sources */,
				20EF2260255E38880012C9CD /* PrProtocolComposition.swift in Sources */,
				2000405A25622BF60061F375 /* PrCheckComformance.swift in Sources */,
				20683F482564D2980080FDDD /* PrExtensionOfProtocol.swift in Sources */,
				200826A325467DCB00AA89F3 /* PrProperties.swift in Sources */,
			);
			runOnlyForDeploymentPostprocessing = 0;
		};
		AB3781E32623FBAD00895E10 /* Sources */ = {
			isa = PBXSourcesBuildPhase;
			buildActionMask = 2147483647;
			files = (
				AB3781FD2623FC2000895E10 /* StringLiterals.swift in Sources */,
				AB3781EA2623FBAD00895E10 /* main.swift in Sources */,
			);
			runOnlyForDeploymentPostprocessing = 0;
		};
		AB401E4625E4AEAA0003EB50 /* Sources */ = {
			isa = PBXSourcesBuildPhase;
			buildActionMask = 2147483647;
			files = (
				AB401E4D25E4AEAA0003EB50 /* main.swift in Sources */,
				AB401E5D25E4AED60003EB50 /* AssociatedTypes.swift in Sources */,
			);
			runOnlyForDeploymentPostprocessing = 0;
		};
		AB4C202625EE6D850080E065 /* Sources */ = {
			isa = PBXSourcesBuildPhase;
			buildActionMask = 2147483647;
			files = (
				AB4C203E25EE705D0080E065 /* ARCWeak.swift in Sources */,
				AB4C202D25EE6D850080E065 /* main.swift in Sources */,
			);
			runOnlyForDeploymentPostprocessing = 0;
		};
		AB61C6A825C119E100A0F249 /* Sources */ = {
			isa = PBXSourcesBuildPhase;
			buildActionMask = 2147483647;
			files = (
				AB61C6AF25C119E100A0F249 /* main.swift in Sources */,
				ABB893F925C7AF82005B60E1 /* HandlingErrors.swift in Sources */,
			);
			runOnlyForDeploymentPostprocessing = 0;
		};
		AB84EA0025D23FBD00F28A23 /* Sources */ = {
			isa = PBXSourcesBuildPhase;
			buildActionMask = 2147483647;
			files = (
				AB84EA0725D23FBD00F28A23 /* main.swift in Sources */,
			);
			runOnlyForDeploymentPostprocessing = 0;
		};
		ABDE733C261EAE00004BC4CC /* Sources */ = {
			isa = PBXSourcesBuildPhase;
			buildActionMask = 2147483647;
			files = (
				ABDE7343261EAE00004BC4CC /* main.swift in Sources */,
			);
			runOnlyForDeploymentPostprocessing = 0;
		};
/* End PBXSourcesBuildPhase section */

/* Begin XCBuildConfiguration section */
		2017DB81258077E800E74559 /* Debug */ = {
			isa = XCBuildConfiguration;
			buildSettings = {
				CODE_SIGN_STYLE = Automatic;
				PRODUCT_NAME = "$(TARGET_NAME)";
				SWIFT_VERSION = 5.0;
			};
			name = Debug;
		};
		2017DB82258077E800E74559 /* Release */ = {
			isa = XCBuildConfiguration;
			buildSettings = {
				CODE_SIGN_STYLE = Automatic;
				PRODUCT_NAME = "$(TARGET_NAME)";
				SWIFT_VERSION = 5.0;
			};
			name = Release;
		};
		2019408D257F28CD00D7150A /* Debug */ = {
			isa = XCBuildConfiguration;
			buildSettings = {
				CODE_SIGN_STYLE = Automatic;
				PRODUCT_NAME = "$(TARGET_NAME)";
				SWIFT_VERSION = 5.0;
			};
			name = Debug;
		};
		2019408E257F28CD00D7150A /* Release */ = {
			isa = XCBuildConfiguration;
			buildSettings = {
				CODE_SIGN_STYLE = Automatic;
				PRODUCT_NAME = "$(TARGET_NAME)";
				SWIFT_VERSION = 5.0;
			};
			name = Release;
		};
		20880F3225395089000CF637 /* Debug */ = {
			isa = XCBuildConfiguration;
			buildSettings = {
				CODE_SIGN_STYLE = Automatic;
				PRODUCT_NAME = "$(TARGET_NAME)";
				SWIFT_VERSION = 5.0;
			};
			name = Debug;
		};
		20880F3325395089000CF637 /* Release */ = {
			isa = XCBuildConfiguration;
			buildSettings = {
				CODE_SIGN_STYLE = Automatic;
				PRODUCT_NAME = "$(TARGET_NAME)";
				SWIFT_VERSION = 5.0;
			};
			name = Release;
		};
		20AF6219256A0ECF0074DA10 /* Debug */ = {
			isa = XCBuildConfiguration;
			buildSettings = {
				CODE_SIGN_STYLE = Automatic;
				PRODUCT_NAME = "$(TARGET_NAME)";
				SWIFT_VERSION = 5.0;
			};
			name = Debug;
		};
		20AF621A256A0ECF0074DA10 /* Release */ = {
			isa = XCBuildConfiguration;
			buildSettings = {
				CODE_SIGN_STYLE = Automatic;
				PRODUCT_NAME = "$(TARGET_NAME)";
				SWIFT_VERSION = 5.0;
			};
			name = Release;
		};
		20CD14A525871417001557FF /* Debug */ = {
			isa = XCBuildConfiguration;
			buildSettings = {
				CODE_SIGN_STYLE = Automatic;
				PRODUCT_NAME = "$(TARGET_NAME)";
				SWIFT_VERSION = 5.0;
			};
			name = Debug;
		};
		20CD14A625871417001557FF /* Release */ = {
			isa = XCBuildConfiguration;
			buildSettings = {
				CODE_SIGN_STYLE = Automatic;
				PRODUCT_NAME = "$(TARGET_NAME)";
				SWIFT_VERSION = 5.0;
			};
			name = Release;
		};
		20DC4EC52581D0E200D7356A /* Debug */ = {
			isa = XCBuildConfiguration;
			buildSettings = {
				CODE_SIGN_STYLE = Automatic;
				PRODUCT_NAME = "$(TARGET_NAME)";
				SWIFT_VERSION = 5.0;
			};
			name = Debug;
		};
		20DC4EC62581D0E200D7356A /* Release */ = {
			isa = XCBuildConfiguration;
			buildSettings = {
				CODE_SIGN_STYLE = Automatic;
				PRODUCT_NAME = "$(TARGET_NAME)";
				SWIFT_VERSION = 5.0;
			};
			name = Release;
		};
		20E1A3AC252F58ED004DEC61 /* Debug */ = {
			isa = XCBuildConfiguration;
			buildSettings = {
				ALWAYS_SEARCH_USER_PATHS = NO;
				CLANG_ANALYZER_NONNULL = YES;
				CLANG_ANALYZER_NUMBER_OBJECT_CONVERSION = YES_AGGRESSIVE;
				CLANG_CXX_LANGUAGE_STANDARD = "gnu++14";
				CLANG_CXX_LIBRARY = "libc++";
				CLANG_ENABLE_MODULES = YES;
				CLANG_ENABLE_OBJC_ARC = YES;
				CLANG_ENABLE_OBJC_WEAK = YES;
				CLANG_WARN_BLOCK_CAPTURE_AUTORELEASING = YES;
				CLANG_WARN_BOOL_CONVERSION = YES;
				CLANG_WARN_COMMA = YES;
				CLANG_WARN_CONSTANT_CONVERSION = YES;
				CLANG_WARN_DEPRECATED_OBJC_IMPLEMENTATIONS = YES;
				CLANG_WARN_DIRECT_OBJC_ISA_USAGE = YES_ERROR;
				CLANG_WARN_DOCUMENTATION_COMMENTS = YES;
				CLANG_WARN_EMPTY_BODY = YES;
				CLANG_WARN_ENUM_CONVERSION = YES;
				CLANG_WARN_INFINITE_RECURSION = YES;
				CLANG_WARN_INT_CONVERSION = YES;
				CLANG_WARN_NON_LITERAL_NULL_CONVERSION = YES;
				CLANG_WARN_OBJC_IMPLICIT_RETAIN_SELF = YES;
				CLANG_WARN_OBJC_LITERAL_CONVERSION = YES;
				CLANG_WARN_OBJC_ROOT_CLASS = YES_ERROR;
				CLANG_WARN_QUOTED_INCLUDE_IN_FRAMEWORK_HEADER = YES;
				CLANG_WARN_RANGE_LOOP_ANALYSIS = YES;
				CLANG_WARN_STRICT_PROTOTYPES = YES;
				CLANG_WARN_SUSPICIOUS_MOVE = YES;
				CLANG_WARN_UNGUARDED_AVAILABILITY = YES_AGGRESSIVE;
				CLANG_WARN_UNREACHABLE_CODE = YES;
				CLANG_WARN__DUPLICATE_METHOD_MATCH = YES;
				COPY_PHASE_STRIP = NO;
				DEBUG_INFORMATION_FORMAT = dwarf;
				ENABLE_STRICT_OBJC_MSGSEND = YES;
				ENABLE_TESTABILITY = YES;
				GCC_C_LANGUAGE_STANDARD = gnu11;
				GCC_DYNAMIC_NO_PIC = NO;
				GCC_NO_COMMON_BLOCKS = YES;
				GCC_OPTIMIZATION_LEVEL = 0;
				GCC_PREPROCESSOR_DEFINITIONS = (
					"DEBUG=1",
					"$(inherited)",
				);
				GCC_WARN_64_TO_32_BIT_CONVERSION = YES;
				GCC_WARN_ABOUT_RETURN_TYPE = YES_ERROR;
				GCC_WARN_UNDECLARED_SELECTOR = YES;
				GCC_WARN_UNINITIALIZED_AUTOS = YES_AGGRESSIVE;
				GCC_WARN_UNUSED_FUNCTION = YES;
				GCC_WARN_UNUSED_VARIABLE = YES;
				MACOSX_DEPLOYMENT_TARGET = 10.15;
				MTL_ENABLE_DEBUG_INFO = INCLUDE_SOURCE;
				MTL_FAST_MATH = YES;
				ONLY_ACTIVE_ARCH = YES;
				SDKROOT = macosx;
				SWIFT_ACTIVE_COMPILATION_CONDITIONS = DEBUG;
				SWIFT_OPTIMIZATION_LEVEL = "-Onone";
			};
			name = Debug;
		};
		20E1A3AD252F58ED004DEC61 /* Release */ = {
			isa = XCBuildConfiguration;
			buildSettings = {
				ALWAYS_SEARCH_USER_PATHS = NO;
				CLANG_ANALYZER_NONNULL = YES;
				CLANG_ANALYZER_NUMBER_OBJECT_CONVERSION = YES_AGGRESSIVE;
				CLANG_CXX_LANGUAGE_STANDARD = "gnu++14";
				CLANG_CXX_LIBRARY = "libc++";
				CLANG_ENABLE_MODULES = YES;
				CLANG_ENABLE_OBJC_ARC = YES;
				CLANG_ENABLE_OBJC_WEAK = YES;
				CLANG_WARN_BLOCK_CAPTURE_AUTORELEASING = YES;
				CLANG_WARN_BOOL_CONVERSION = YES;
				CLANG_WARN_COMMA = YES;
				CLANG_WARN_CONSTANT_CONVERSION = YES;
				CLANG_WARN_DEPRECATED_OBJC_IMPLEMENTATIONS = YES;
				CLANG_WARN_DIRECT_OBJC_ISA_USAGE = YES_ERROR;
				CLANG_WARN_DOCUMENTATION_COMMENTS = YES;
				CLANG_WARN_EMPTY_BODY = YES;
				CLANG_WARN_ENUM_CONVERSION = YES;
				CLANG_WARN_INFINITE_RECURSION = YES;
				CLANG_WARN_INT_CONVERSION = YES;
				CLANG_WARN_NON_LITERAL_NULL_CONVERSION = YES;
				CLANG_WARN_OBJC_IMPLICIT_RETAIN_SELF = YES;
				CLANG_WARN_OBJC_LITERAL_CONVERSION = YES;
				CLANG_WARN_OBJC_ROOT_CLASS = YES_ERROR;
				CLANG_WARN_QUOTED_INCLUDE_IN_FRAMEWORK_HEADER = YES;
				CLANG_WARN_RANGE_LOOP_ANALYSIS = YES;
				CLANG_WARN_STRICT_PROTOTYPES = YES;
				CLANG_WARN_SUSPICIOUS_MOVE = YES;
				CLANG_WARN_UNGUARDED_AVAILABILITY = YES_AGGRESSIVE;
				CLANG_WARN_UNREACHABLE_CODE = YES;
				CLANG_WARN__DUPLICATE_METHOD_MATCH = YES;
				COPY_PHASE_STRIP = NO;
				DEBUG_INFORMATION_FORMAT = "dwarf-with-dsym";
				ENABLE_NS_ASSERTIONS = NO;
				ENABLE_STRICT_OBJC_MSGSEND = YES;
				GCC_C_LANGUAGE_STANDARD = gnu11;
				GCC_NO_COMMON_BLOCKS = YES;
				GCC_WARN_64_TO_32_BIT_CONVERSION = YES;
				GCC_WARN_ABOUT_RETURN_TYPE = YES_ERROR;
				GCC_WARN_UNDECLARED_SELECTOR = YES;
				GCC_WARN_UNINITIALIZED_AUTOS = YES_AGGRESSIVE;
				GCC_WARN_UNUSED_FUNCTION = YES;
				GCC_WARN_UNUSED_VARIABLE = YES;
				MACOSX_DEPLOYMENT_TARGET = 10.15;
				MTL_ENABLE_DEBUG_INFO = NO;
				MTL_FAST_MATH = YES;
				SDKROOT = macosx;
				SWIFT_COMPILATION_MODE = wholemodule;
				SWIFT_OPTIMIZATION_LEVEL = "-O";
			};
			name = Release;
		};
		20E1A3AF252F58ED004DEC61 /* Debug */ = {
			isa = XCBuildConfiguration;
			buildSettings = {
				CODE_SIGN_STYLE = Automatic;
				PRODUCT_NAME = "$(TARGET_NAME)";
				SWIFT_VERSION = 5.0;
			};
			name = Debug;
		};
		20E1A3B0252F58ED004DEC61 /* Release */ = {
			isa = XCBuildConfiguration;
			buildSettings = {
				CODE_SIGN_STYLE = Automatic;
				PRODUCT_NAME = "$(TARGET_NAME)";
				SWIFT_VERSION = 5.0;
			};
			name = Release;
		};
		20E1A3BB252F5987004DEC61 /* Debug */ = {
			isa = XCBuildConfiguration;
			buildSettings = {
				CODE_SIGN_STYLE = Automatic;
				PRODUCT_NAME = "$(TARGET_NAME)";
				SWIFT_VERSION = 5.0;
			};
			name = Debug;
		};
		20E1A3BC252F5987004DEC61 /* Release */ = {
			isa = XCBuildConfiguration;
			buildSettings = {
				CODE_SIGN_STYLE = Automatic;
				PRODUCT_NAME = "$(TARGET_NAME)";
				SWIFT_VERSION = 5.0;
			};
			name = Release;
		};
		AB3781EB2623FBAD00895E10 /* Debug */ = {
			isa = XCBuildConfiguration;
			buildSettings = {
				CODE_SIGN_STYLE = Automatic;
				MACOSX_DEPLOYMENT_TARGET = 11.1;
				PRODUCT_NAME = "$(TARGET_NAME)";
				SWIFT_VERSION = 5.0;
			};
			name = Debug;
		};
		AB3781EC2623FBAD00895E10 /* Release */ = {
			isa = XCBuildConfiguration;
			buildSettings = {
				CODE_SIGN_STYLE = Automatic;
				MACOSX_DEPLOYMENT_TARGET = 11.1;
				PRODUCT_NAME = "$(TARGET_NAME)";
				SWIFT_VERSION = 5.0;
			};
			name = Release;
		};
		AB401E4E25E4AEAA0003EB50 /* Debug */ = {
			isa = XCBuildConfiguration;
			buildSettings = {
				CODE_SIGN_STYLE = Automatic;
				MACOSX_DEPLOYMENT_TARGET = 11.1;
				PRODUCT_NAME = "$(TARGET_NAME)";
				SWIFT_VERSION = 5.0;
			};
			name = Debug;
		};
		AB401E4F25E4AEAA0003EB50 /* Release */ = {
			isa = XCBuildConfiguration;
			buildSettings = {
				CODE_SIGN_STYLE = Automatic;
				MACOSX_DEPLOYMENT_TARGET = 11.1;
				PRODUCT_NAME = "$(TARGET_NAME)";
				SWIFT_VERSION = 5.0;
			};
			name = Release;
		};
		AB4C202E25EE6D850080E065 /* Debug */ = {
			isa = XCBuildConfiguration;
			buildSettings = {
				CODE_SIGN_STYLE = Automatic;
				MACOSX_DEPLOYMENT_TARGET = 11.1;
				PRODUCT_NAME = "$(TARGET_NAME)";
				SWIFT_VERSION = 5.0;
			};
			name = Debug;
		};
		AB4C202F25EE6D850080E065 /* Release */ = {
			isa = XCBuildConfiguration;
			buildSettings = {
				CODE_SIGN_STYLE = Automatic;
				MACOSX_DEPLOYMENT_TARGET = 11.1;
				PRODUCT_NAME = "$(TARGET_NAME)";
				SWIFT_VERSION = 5.0;
			};
			name = Release;
		};
		AB61C6B025C119E100A0F249 /* Debug */ = {
			isa = XCBuildConfiguration;
			buildSettings = {
				CODE_SIGN_STYLE = Automatic;
				MACOSX_DEPLOYMENT_TARGET = 11.1;
				PRODUCT_NAME = "$(TARGET_NAME)";
				SWIFT_VERSION = 5.0;
			};
			name = Debug;
		};
		AB61C6B125C119E100A0F249 /* Release */ = {
			isa = XCBuildConfiguration;
			buildSettings = {
				CODE_SIGN_STYLE = Automatic;
				MACOSX_DEPLOYMENT_TARGET = 11.1;
				PRODUCT_NAME = "$(TARGET_NAME)";
				SWIFT_VERSION = 5.0;
			};
			name = Release;
		};
		AB84EA0825D23FBD00F28A23 /* Debug */ = {
			isa = XCBuildConfiguration;
			buildSettings = {
				CODE_SIGN_STYLE = Automatic;
				MACOSX_DEPLOYMENT_TARGET = 11.1;
				PRODUCT_NAME = "$(TARGET_NAME)";
				SWIFT_VERSION = 5.0;
			};
			name = Debug;
		};
		AB84EA0925D23FBD00F28A23 /* Release */ = {
			isa = XCBuildConfiguration;
			buildSettings = {
				CODE_SIGN_STYLE = Automatic;
				MACOSX_DEPLOYMENT_TARGET = 11.1;
				PRODUCT_NAME = "$(TARGET_NAME)";
				SWIFT_VERSION = 5.0;
			};
			name = Release;
		};
		ABDE7344261EAE00004BC4CC /* Debug */ = {
			isa = XCBuildConfiguration;
			buildSettings = {
				CODE_SIGN_STYLE = Automatic;
				MACOSX_DEPLOYMENT_TARGET = 11.1;
				PRODUCT_NAME = "$(TARGET_NAME)";
				SWIFT_VERSION = 5.0;
			};
			name = Debug;
		};
		ABDE7345261EAE00004BC4CC /* Release */ = {
			isa = XCBuildConfiguration;
			buildSettings = {
				CODE_SIGN_STYLE = Automatic;
				MACOSX_DEPLOYMENT_TARGET = 11.1;
				PRODUCT_NAME = "$(TARGET_NAME)";
				SWIFT_VERSION = 5.0;
			};
			name = Release;
		};
/* End XCBuildConfiguration section */

/* Begin XCConfigurationList section */
		2017DB83258077E800E74559 /* Build configuration list for PBXNativeTarget "Subscripts" */ = {
			isa = XCConfigurationList;
			buildConfigurations = (
				2017DB81258077E800E74559 /* Debug */,
				2017DB82258077E800E74559 /* Release */,
			);
			defaultConfigurationIsVisible = 0;
			defaultConfigurationName = Release;
		};
		2019408F257F28CD00D7150A /* Build configuration list for PBXNativeTarget "Methods" */ = {
			isa = XCConfigurationList;
			buildConfigurations = (
				2019408D257F28CD00D7150A /* Debug */,
				2019408E257F28CD00D7150A /* Release */,
			);
			defaultConfigurationIsVisible = 0;
			defaultConfigurationName = Release;
		};
		20880F3125395089000CF637 /* Build configuration list for PBXNativeTarget "Extensions" */ = {
			isa = XCConfigurationList;
			buildConfigurations = (
				20880F3225395089000CF637 /* Debug */,
				20880F3325395089000CF637 /* Release */,
			);
			defaultConfigurationIsVisible = 0;
			defaultConfigurationName = Release;
		};
		20AF621B256A0ECF0074DA10 /* Build configuration list for PBXNativeTarget "Properties" */ = {
			isa = XCConfigurationList;
			buildConfigurations = (
				20AF6219256A0ECF0074DA10 /* Debug */,
				20AF621A256A0ECF0074DA10 /* Release */,
			);
			defaultConfigurationIsVisible = 0;
			defaultConfigurationName = Release;
		};
		20CD14A725871417001557FF /* Build configuration list for PBXNativeTarget "Initializers" */ = {
			isa = XCConfigurationList;
			buildConfigurations = (
				20CD14A525871417001557FF /* Debug */,
				20CD14A625871417001557FF /* Release */,
			);
			defaultConfigurationIsVisible = 0;
			defaultConfigurationName = Release;
		};
		20DC4EC72581D0E200D7356A /* Build configuration list for PBXNativeTarget "Inheritance" */ = {
			isa = XCConfigurationList;
			buildConfigurations = (
				20DC4EC52581D0E200D7356A /* Debug */,
				20DC4EC62581D0E200D7356A /* Release */,
			);
			defaultConfigurationIsVisible = 0;
			defaultConfigurationName = Release;
		};
		20E1A3A2252F58ED004DEC61 /* Build configuration list for PBXProject "SwiftLanguage" */ = {
			isa = XCConfigurationList;
			buildConfigurations = (
				20E1A3AC252F58ED004DEC61 /* Debug */,
				20E1A3AD252F58ED004DEC61 /* Release */,
			);
			defaultConfigurationIsVisible = 0;
			defaultConfigurationName = Release;
		};
		20E1A3AE252F58ED004DEC61 /* Build configuration list for PBXNativeTarget "SwiftLanguage" */ = {
			isa = XCConfigurationList;
			buildConfigurations = (
				20E1A3AF252F58ED004DEC61 /* Debug */,
				20E1A3B0252F58ED004DEC61 /* Release */,
			);
			defaultConfigurationIsVisible = 0;
			defaultConfigurationName = Release;
		};
		20E1A3BD252F5987004DEC61 /* Build configuration list for PBXNativeTarget "Protocols" */ = {
			isa = XCConfigurationList;
			buildConfigurations = (
				20E1A3BB252F5987004DEC61 /* Debug */,
				20E1A3BC252F5987004DEC61 /* Release */,
			);
			defaultConfigurationIsVisible = 0;
			defaultConfigurationName = Release;
		};
		AB3781ED2623FBAD00895E10 /* Build configuration list for PBXNativeTarget "Strings" */ = {
			isa = XCConfigurationList;
			buildConfigurations = (
				AB3781EB2623FBAD00895E10 /* Debug */,
				AB3781EC2623FBAD00895E10 /* Release */,
			);
			defaultConfigurationIsVisible = 0;
			defaultConfigurationName = Release;
		};
		AB401E5025E4AEAA0003EB50 /* Build configuration list for PBXNativeTarget "Generics" */ = {
			isa = XCConfigurationList;
			buildConfigurations = (
				AB401E4E25E4AEAA0003EB50 /* Debug */,
				AB401E4F25E4AEAA0003EB50 /* Release */,
			);
			defaultConfigurationIsVisible = 0;
			defaultConfigurationName = Release;
		};
		AB4C203025EE6D850080E065 /* Build configuration list for PBXNativeTarget "ARC" */ = {
			isa = XCConfigurationList;
			buildConfigurations = (
				AB4C202E25EE6D850080E065 /* Debug */,
				AB4C202F25EE6D850080E065 /* Release */,
			);
			defaultConfigurationIsVisible = 0;
			defaultConfigurationName = Release;
		};
		AB61C6B225C119E100A0F249 /* Build configuration list for PBXNativeTarget "ErrorHandling" */ = {
			isa = XCConfigurationList;
			buildConfigurations = (
				AB61C6B025C119E100A0F249 /* Debug */,
				AB61C6B125C119E100A0F249 /* Release */,
			);
			defaultConfigurationIsVisible = 0;
			defaultConfigurationName = Release;
		};
		AB84EA0A25D23FBD00F28A23 /* Build configuration list for PBXNativeTarget "TypeCasting" */ = {
			isa = XCConfigurationList;
			buildConfigurations = (
				AB84EA0825D23FBD00F28A23 /* Debug */,
				AB84EA0925D23FBD00F28A23 /* Release */,
			);
			defaultConfigurationIsVisible = 0;
			defaultConfigurationName = Release;
		};
		ABDE7346261EAE00004BC4CC /* Build configuration list for PBXNativeTarget "Enumerations" */ = {
			isa = XCConfigurationList;
			buildConfigurations = (
				ABDE7344261EAE00004BC4CC /* Debug */,
				ABDE7345261EAE00004BC4CC /* Release */,
			);
			defaultConfigurationIsVisible = 0;
			defaultConfigurationName = Release;
		};
/* End XCConfigurationList section */
	};
	rootObject = 20E1A39F252F58ED004DEC61 /* Project object */;
}
