// !$*UTF8*$!
{
	archiveVersion = 1;
	classes = {
	};
	objectVersion = 50;
	objects = {

/* Begin PBXBuildFile section */
		20880F3025395089000CF637 /* main.swift in Sources */ = {isa = PBXBuildFile; fileRef = 20880F2F25395089000CF637 /* main.swift */; };
		20880F3B25395217000CF637 /* ExtComputedProperties.swift in Sources */ = {isa = PBXBuildFile; fileRef = 20880F3A25395217000CF637 /* ExtComputedProperties.swift */; };
		20E1A3AB252F58ED004DEC61 /* main.swift in Sources */ = {isa = PBXBuildFile; fileRef = 20E1A3AA252F58ED004DEC61 /* main.swift */; };
		20E1A3BA252F5987004DEC61 /* main.swift in Sources */ = {isa = PBXBuildFile; fileRef = 20E1A3B9252F5987004DEC61 /* main.swift */; };
		20E1A3C1252F5A4D004DEC61 /* InitializerRequirements.swift in Sources */ = {isa = PBXBuildFile; fileRef = 20E1A3C0252F5A4D004DEC61 /* InitializerRequirements.swift */; };
/* End PBXBuildFile section */

/* Begin PBXCopyFilesBuildPhase section */
		20880F2B25395089000CF637 /* CopyFiles */ = {
			isa = PBXCopyFilesBuildPhase;
			buildActionMask = 2147483647;
			dstPath = /usr/share/man/man1/;
			dstSubfolderSpec = 0;
			files = (
			);
			runOnlyForDeploymentPostprocessing = 1;
		};
		20E1A3A5252F58ED004DEC61 /* CopyFiles */ = {
			isa = PBXCopyFilesBuildPhase;
			buildActionMask = 2147483647;
			dstPath = /usr/share/man/man1/;
			dstSubfolderSpec = 0;
			files = (
			);
			runOnlyForDeploymentPostprocessing = 1;
		};
		20E1A3B5252F5987004DEC61 /* CopyFiles */ = {
			isa = PBXCopyFilesBuildPhase;
			buildActionMask = 2147483647;
			dstPath = /usr/share/man/man1/;
			dstSubfolderSpec = 0;
			files = (
			);
			runOnlyForDeploymentPostprocessing = 1;
		};
/* End PBXCopyFilesBuildPhase section */

/* Begin PBXFileReference section */
		20880F2D25395089000CF637 /* Extensions */ = {isa = PBXFileReference; explicitFileType = "compiled.mach-o.executable"; includeInIndex = 0; path = Extensions; sourceTree = BUILT_PRODUCTS_DIR; };
		20880F2F25395089000CF637 /* main.swift */ = {isa = PBXFileReference; lastKnownFileType = sourcecode.swift; path = main.swift; sourceTree = "<group>"; };
		20880F3A25395217000CF637 /* ExtComputedProperties.swift */ = {isa = PBXFileReference; lastKnownFileType = sourcecode.swift; path = ExtComputedProperties.swift; sourceTree = "<group>"; };
		20E1A3A7252F58ED004DEC61 /* SwiftLanguage */ = {isa = PBXFileReference; explicitFileType = "compiled.mach-o.executable"; includeInIndex = 0; path = SwiftLanguage; sourceTree = BUILT_PRODUCTS_DIR; };
		20E1A3AA252F58ED004DEC61 /* main.swift */ = {isa = PBXFileReference; lastKnownFileType = sourcecode.swift; path = main.swift; sourceTree = "<group>"; };
		20E1A3B7252F5987004DEC61 /* Protocols */ = {isa = PBXFileReference; explicitFileType = "compiled.mach-o.executable"; includeInIndex = 0; path = Protocols; sourceTree = BUILT_PRODUCTS_DIR; };
		20E1A3B9252F5987004DEC61 /* main.swift */ = {isa = PBXFileReference; lastKnownFileType = sourcecode.swift; path = main.swift; sourceTree = "<group>"; };
		20E1A3C0252F5A4D004DEC61 /* InitializerRequirements.swift */ = {isa = PBXFileReference; lastKnownFileType = sourcecode.swift; path = InitializerRequirements.swift; sourceTree = "<group>"; };
/* End PBXFileReference section */

/* Begin PBXFrameworksBuildPhase section */
		20880F2A25395089000CF637 /* Frameworks */ = {
			isa = PBXFrameworksBuildPhase;
			buildActionMask = 2147483647;
			files = (
			);
			runOnlyForDeploymentPostprocessing = 0;
		};
		20E1A3A4252F58ED004DEC61 /* Frameworks */ = {
			isa = PBXFrameworksBuildPhase;
			buildActionMask = 2147483647;
			files = (
			);
			runOnlyForDeploymentPostprocessing = 0;
		};
		20E1A3B4252F5987004DEC61 /* Frameworks */ = {
			isa = PBXFrameworksBuildPhase;
			buildActionMask = 2147483647;
			files = (
			);
			runOnlyForDeploymentPostprocessing = 0;
		};
/* End PBXFrameworksBuildPhase section */

/* Begin PBXGroup section */
		20880F2E25395089000CF637 /* Extensions */ = {
			isa = PBXGroup;
			children = (
				20880F2F25395089000CF637 /* main.swift */,
				20880F3A25395217000CF637 /* ExtComputedProperties.swift */,
			);
			path = Extensions;
			sourceTree = "<group>";
		};
		20E1A39E252F58ED004DEC61 = {
			isa = PBXGroup;
			children = (
				20E1A3A9252F58ED004DEC61 /* SwiftLanguage */,
				20880F2E25395089000CF637 /* Extensions */,
				20E1A3B8252F5987004DEC61 /* Protocols */,
				20E1A3A8252F58ED004DEC61 /* Products */,
			);
			sourceTree = "<group>";
		};
		20E1A3A8252F58ED004DEC61 /* Products */ = {
			isa = PBXGroup;
			children = (
				20E1A3A7252F58ED004DEC61 /* SwiftLanguage */,
				20E1A3B7252F5987004DEC61 /* Protocols */,
				20880F2D25395089000CF637 /* Extensions */,
			);
			name = Products;
			sourceTree = "<group>";
		};
		20E1A3A9252F58ED004DEC61 /* SwiftLanguage */ = {
			isa = PBXGroup;
			children = (
				20E1A3AA252F58ED004DEC61 /* main.swift */,
			);
			path = SwiftLanguage;
			sourceTree = "<group>";
		};
		20E1A3B8252F5987004DEC61 /* Protocols */ = {
			isa = PBXGroup;
			children = (
				20E1A3B9252F5987004DEC61 /* main.swift */,
				20E1A3C0252F5A4D004DEC61 /* InitializerRequirements.swift */,
			);
			path = Protocols;
			sourceTree = "<group>";
		};
/* End PBXGroup section */

/* Begin PBXNativeTarget section */
		20880F2C25395089000CF637 /* Extensions */ = {
			isa = PBXNativeTarget;
			buildConfigurationList = 20880F3125395089000CF637 /* Build configuration list for PBXNativeTarget "Extensions" */;
			buildPhases = (
				20880F2925395089000CF637 /* Sources */,
				20880F2A25395089000CF637 /* Frameworks */,
				20880F2B25395089000CF637 /* CopyFiles */,
			);
			buildRules = (
			);
			dependencies = (
			);
			name = Extensions;
			productName = Extensions;
			productReference = 20880F2D25395089000CF637 /* Extensions */;
			productType = "com.apple.product-type.tool";
		};
		20E1A3A6252F58ED004DEC61 /* SwiftLanguage */ = {
			isa = PBXNativeTarget;
			buildConfigurationList = 20E1A3AE252F58ED004DEC61 /* Build configuration list for PBXNativeTarget "SwiftLanguage" */;
			buildPhases = (
				20E1A3A3252F58ED004DEC61 /* Sources */,
				20E1A3A4252F58ED004DEC61 /* Frameworks */,
				20E1A3A5252F58ED004DEC61 /* CopyFiles */,
			);
			buildRules = (
			);
			dependencies = (
			);
			name = SwiftLanguage;
			productName = SwiftLanguage;
			productReference = 20E1A3A7252F58ED004DEC61 /* SwiftLanguage */;
			productType = "com.apple.product-type.tool";
		};
		20E1A3B6252F5987004DEC61 /* Protocols */ = {
			isa = PBXNativeTarget;
			buildConfigurationList = 20E1A3BD252F5987004DEC61 /* Build configuration list for PBXNativeTarget "Protocols" */;
			buildPhases = (
				20E1A3B3252F5987004DEC61 /* Sources */,
				20E1A3B4252F5987004DEC61 /* Frameworks */,
				20E1A3B5252F5987004DEC61 /* CopyFiles */,
			);
			buildRules = (
			);
			dependencies = (
			);
			name = Protocols;
			productName = Protocols;
			productReference = 20E1A3B7252F5987004DEC61 /* Protocols */;
			productType = "com.apple.product-type.tool";
		};
/* End PBXNativeTarget section */

/* Begin PBXProject section */
		20E1A39F252F58ED004DEC61 /* Project object */ = {
			isa = PBXProject;
			attributes = {
				LastSwiftUpdateCheck = 1200;
				LastUpgradeCheck = 1200;
				TargetAttributes = {
					20880F2C25395089000CF637 = {
						CreatedOnToolsVersion = 12.0;
					};
					20E1A3A6252F58ED004DEC61 = {
						CreatedOnToolsVersion = 12.0;
					};
					20E1A3B6252F5987004DEC61 = {
						CreatedOnToolsVersion = 12.0;
					};
				};
			};
			buildConfigurationList = 20E1A3A2252F58ED004DEC61 /* Build configuration list for PBXProject "SwiftLanguage" */;
			compatibilityVersion = "Xcode 9.3";
			developmentRegion = en;
			hasScannedForEncodings = 0;
			knownRegions = (
				en,
				Base,
			);
			mainGroup = 20E1A39E252F58ED004DEC61;
			productRefGroup = 20E1A3A8252F58ED004DEC61 /* Products */;
			projectDirPath = "";
			projectRoot = "";
			targets = (
				20E1A3A6252F58ED004DEC61 /* SwiftLanguage */,
				20880F2C25395089000CF637 /* Extensions */,
				20E1A3B6252F5987004DEC61 /* Protocols */,
			);
		};
/* End PBXProject section */

/* Begin PBXSourcesBuildPhase section */
		20880F2925395089000CF637 /* Sources */ = {
			isa = PBXSourcesBuildPhase;
			buildActionMask = 2147483647;
			files = (
				20880F3025395089000CF637 /* main.swift in Sources */,
				20880F3B25395217000CF637 /* ExtComputedProperties.swift in Sources */,
			);
			runOnlyForDeploymentPostprocessing = 0;
		};
		20E1A3A3252F58ED004DEC61 /* Sources */ = {
			isa = PBXSourcesBuildPhase;
			buildActionMask = 2147483647;
			files = (
				20E1A3AB252F58ED004DEC61 /* main.swift in Sources */,
			);
			runOnlyForDeploymentPostprocessing = 0;
		};
		20E1A3B3252F5987004DEC61 /* Sources */ = {
			isa = PBXSourcesBuildPhase;
			buildActionMask = 2147483647;
			files = (
				20E1A3C1252F5A4D004DEC61 /* InitializerRequirements.swift in Sources */,
				20E1A3BA252F5987004DEC61 /* main.swift in Sources */,
			);
			runOnlyForDeploymentPostprocessing = 0;
		};
/* End PBXSourcesBuildPhase section */

/* Begin XCBuildConfiguration section */
		20880F3225395089000CF637 /* Debug */ = {
			isa = XCBuildConfiguration;
			buildSettings = {
				CODE_SIGN_STYLE = Automatic;
				PRODUCT_NAME = "$(TARGET_NAME)";
				SWIFT_VERSION = 5.0;
			};
			name = Debug;
		};
		20880F3325395089000CF637 /* Release */ = {
			isa = XCBuildConfiguration;
			buildSettings = {
				CODE_SIGN_STYLE = Automatic;
				PRODUCT_NAME = "$(TARGET_NAME)";
				SWIFT_VERSION = 5.0;
			};
			name = Release;
		};
		20E1A3AC252F58ED004DEC61 /* Debug */ = {
			isa = XCBuildConfiguration;
			buildSettings = {
				ALWAYS_SEARCH_USER_PATHS = NO;
				CLANG_ANALYZER_NONNULL = YES;
				CLANG_ANALYZER_NUMBER_OBJECT_CONVERSION = YES_AGGRESSIVE;
				CLANG_CXX_LANGUAGE_STANDARD = "gnu++14";
				CLANG_CXX_LIBRARY = "libc++";
				CLANG_ENABLE_MODULES = YES;
				CLANG_ENABLE_OBJC_ARC = YES;
				CLANG_ENABLE_OBJC_WEAK = YES;
				CLANG_WARN_BLOCK_CAPTURE_AUTORELEASING = YES;
				CLANG_WARN_BOOL_CONVERSION = YES;
				CLANG_WARN_COMMA = YES;
				CLANG_WARN_CONSTANT_CONVERSION = YES;
				CLANG_WARN_DEPRECATED_OBJC_IMPLEMENTATIONS = YES;
				CLANG_WARN_DIRECT_OBJC_ISA_USAGE = YES_ERROR;
				CLANG_WARN_DOCUMENTATION_COMMENTS = YES;
				CLANG_WARN_EMPTY_BODY = YES;
				CLANG_WARN_ENUM_CONVERSION = YES;
				CLANG_WARN_INFINITE_RECURSION = YES;
				CLANG_WARN_INT_CONVERSION = YES;
				CLANG_WARN_NON_LITERAL_NULL_CONVERSION = YES;
				CLANG_WARN_OBJC_IMPLICIT_RETAIN_SELF = YES;
				CLANG_WARN_OBJC_LITERAL_CONVERSION = YES;
				CLANG_WARN_OBJC_ROOT_CLASS = YES_ERROR;
				CLANG_WARN_QUOTED_INCLUDE_IN_FRAMEWORK_HEADER = YES;
				CLANG_WARN_RANGE_LOOP_ANALYSIS = YES;
				CLANG_WARN_STRICT_PROTOTYPES = YES;
				CLANG_WARN_SUSPICIOUS_MOVE = YES;
				CLANG_WARN_UNGUARDED_AVAILABILITY = YES_AGGRESSIVE;
				CLANG_WARN_UNREACHABLE_CODE = YES;
				CLANG_WARN__DUPLICATE_METHOD_MATCH = YES;
				COPY_PHASE_STRIP = NO;
				DEBUG_INFORMATION_FORMAT = dwarf;
				ENABLE_STRICT_OBJC_MSGSEND = YES;
				ENABLE_TESTABILITY = YES;
				GCC_C_LANGUAGE_STANDARD = gnu11;
				GCC_DYNAMIC_NO_PIC = NO;
				GCC_NO_COMMON_BLOCKS = YES;
				GCC_OPTIMIZATION_LEVEL = 0;
				GCC_PREPROCESSOR_DEFINITIONS = (
					"DEBUG=1",
					"$(inherited)",
				);
				GCC_WARN_64_TO_32_BIT_CONVERSION = YES;
				GCC_WARN_ABOUT_RETURN_TYPE = YES_ERROR;
				GCC_WARN_UNDECLARED_SELECTOR = YES;
				GCC_WARN_UNINITIALIZED_AUTOS = YES_AGGRESSIVE;
				GCC_WARN_UNUSED_FUNCTION = YES;
				GCC_WARN_UNUSED_VARIABLE = YES;
				MACOSX_DEPLOYMENT_TARGET = 10.15;
				MTL_ENABLE_DEBUG_INFO = INCLUDE_SOURCE;
				MTL_FAST_MATH = YES;
				ONLY_ACTIVE_ARCH = YES;
				SDKROOT = macosx;
				SWIFT_ACTIVE_COMPILATION_CONDITIONS = DEBUG;
				SWIFT_OPTIMIZATION_LEVEL = "-Onone";
			};
			name = Debug;
		};
		20E1A3AD252F58ED004DEC61 /* Release */ = {
			isa = XCBuildConfiguration;
			buildSettings = {
				ALWAYS_SEARCH_USER_PATHS = NO;
				CLANG_ANALYZER_NONNULL = YES;
				CLANG_ANALYZER_NUMBER_OBJECT_CONVERSION = YES_AGGRESSIVE;
				CLANG_CXX_LANGUAGE_STANDARD = "gnu++14";
				CLANG_CXX_LIBRARY = "libc++";
				CLANG_ENABLE_MODULES = YES;
				CLANG_ENABLE_OBJC_ARC = YES;
				CLANG_ENABLE_OBJC_WEAK = YES;
				CLANG_WARN_BLOCK_CAPTURE_AUTORELEASING = YES;
				CLANG_WARN_BOOL_CONVERSION = YES;
				CLANG_WARN_COMMA = YES;
				CLANG_WARN_CONSTANT_CONVERSION = YES;
				CLANG_WARN_DEPRECATED_OBJC_IMPLEMENTATIONS = YES;
				CLANG_WARN_DIRECT_OBJC_ISA_USAGE = YES_ERROR;
				CLANG_WARN_DOCUMENTATION_COMMENTS = YES;
				CLANG_WARN_EMPTY_BODY = YES;
				CLANG_WARN_ENUM_CONVERSION = YES;
				CLANG_WARN_INFINITE_RECURSION = YES;
				CLANG_WARN_INT_CONVERSION = YES;
				CLANG_WARN_NON_LITERAL_NULL_CONVERSION = YES;
				CLANG_WARN_OBJC_IMPLICIT_RETAIN_SELF = YES;
				CLANG_WARN_OBJC_LITERAL_CONVERSION = YES;
				CLANG_WARN_OBJC_ROOT_CLASS = YES_ERROR;
				CLANG_WARN_QUOTED_INCLUDE_IN_FRAMEWORK_HEADER = YES;
				CLANG_WARN_RANGE_LOOP_ANALYSIS = YES;
				CLANG_WARN_STRICT_PROTOTYPES = YES;
				CLANG_WARN_SUSPICIOUS_MOVE = YES;
				CLANG_WARN_UNGUARDED_AVAILABILITY = YES_AGGRESSIVE;
				CLANG_WARN_UNREACHABLE_CODE = YES;
				CLANG_WARN__DUPLICATE_METHOD_MATCH = YES;
				COPY_PHASE_STRIP = NO;
				DEBUG_INFORMATION_FORMAT = "dwarf-with-dsym";
				ENABLE_NS_ASSERTIONS = NO;
				ENABLE_STRICT_OBJC_MSGSEND = YES;
				GCC_C_LANGUAGE_STANDARD = gnu11;
				GCC_NO_COMMON_BLOCKS = YES;
				GCC_WARN_64_TO_32_BIT_CONVERSION = YES;
				GCC_WARN_ABOUT_RETURN_TYPE = YES_ERROR;
				GCC_WARN_UNDECLARED_SELECTOR = YES;
				GCC_WARN_UNINITIALIZED_AUTOS = YES_AGGRESSIVE;
				GCC_WARN_UNUSED_FUNCTION = YES;
				GCC_WARN_UNUSED_VARIABLE = YES;
				MACOSX_DEPLOYMENT_TARGET = 10.15;
				MTL_ENABLE_DEBUG_INFO = NO;
				MTL_FAST_MATH = YES;
				SDKROOT = macosx;
				SWIFT_COMPILATION_MODE = wholemodule;
				SWIFT_OPTIMIZATION_LEVEL = "-O";
			};
			name = Release;
		};
		20E1A3AF252F58ED004DEC61 /* Debug */ = {
			isa = XCBuildConfiguration;
			buildSettings = {
				CODE_SIGN_STYLE = Automatic;
				PRODUCT_NAME = "$(TARGET_NAME)";
				SWIFT_VERSION = 5.0;
			};
			name = Debug;
		};
		20E1A3B0252F58ED004DEC61 /* Release */ = {
			isa = XCBuildConfiguration;
			buildSettings = {
				CODE_SIGN_STYLE = Automatic;
				PRODUCT_NAME = "$(TARGET_NAME)";
				SWIFT_VERSION = 5.0;
			};
			name = Release;
		};
		20E1A3BB252F5987004DEC61 /* Debug */ = {
			isa = XCBuildConfiguration;
			buildSettings = {
				CODE_SIGN_STYLE = Automatic;
				PRODUCT_NAME = "$(TARGET_NAME)";
				SWIFT_VERSION = 5.0;
			};
			name = Debug;
		};
		20E1A3BC252F5987004DEC61 /* Release */ = {
			isa = XCBuildConfiguration;
			buildSettings = {
				CODE_SIGN_STYLE = Automatic;
				PRODUCT_NAME = "$(TARGET_NAME)";
				SWIFT_VERSION = 5.0;
			};
			name = Release;
		};
/* End XCBuildConfiguration section */

/* Begin XCConfigurationList section */
		20880F3125395089000CF637 /* Build configuration list for PBXNativeTarget "Extensions" */ = {
			isa = XCConfigurationList;
			buildConfigurations = (
				20880F3225395089000CF637 /* Debug */,
				20880F3325395089000CF637 /* Release */,
			);
			defaultConfigurationIsVisible = 0;
			defaultConfigurationName = Release;
		};
		20E1A3A2252F58ED004DEC61 /* Build configuration list for PBXProject "SwiftLanguage" */ = {
			isa = XCConfigurationList;
			buildConfigurations = (
				20E1A3AC252F58ED004DEC61 /* Debug */,
				20E1A3AD252F58ED004DEC61 /* Release */,
			);
			defaultConfigurationIsVisible = 0;
			defaultConfigurationName = Release;
		};
		20E1A3AE252F58ED004DEC61 /* Build configuration list for PBXNativeTarget "SwiftLanguage" */ = {
			isa = XCConfigurationList;
			buildConfigurations = (
				20E1A3AF252F58ED004DEC61 /* Debug */,
				20E1A3B0252F58ED004DEC61 /* Release */,
			);
			defaultConfigurationIsVisible = 0;
			defaultConfigurationName = Release;
		};
		20E1A3BD252F5987004DEC61 /* Build configuration list for PBXNativeTarget "Protocols" */ = {
			isa = XCConfigurationList;
			buildConfigurations = (
				20E1A3BB252F5987004DEC61 /* Debug */,
				20E1A3BC252F5987004DEC61 /* Release */,
			);
			defaultConfigurationIsVisible = 0;
			defaultConfigurationName = Release;
		};
/* End XCConfigurationList section */
	};
	rootObject = 20E1A39F252F58ED004DEC61 /* Project object */;
}
